// !$*UTF8*$!
{
	archiveVersion = 1;
	classes = {
	};
	objectVersion = 48;
	objects = {

/* Begin PBXBuildFile section */
		3B8BF4D1B2A087637C1E6D6C /* libPods-WDEMO.a in Frameworks */ = {isa = PBXBuildFile; fileRef = 40B5BC0730FFB7F76306A580 /* libPods-WDEMO.a */; };
		6730334C210AED3D001471D8 /* PersonalCenterBarBtn.m in Sources */ = {isa = PBXBuildFile; fileRef = 67303348210AED3C001471D8 /* PersonalCenterBarBtn.m */; };
		6730334D210AED3D001471D8 /* PersonalCenterBar.m in Sources */ = {isa = PBXBuildFile; fileRef = 6730334A210AED3C001471D8 /* PersonalCenterBar.m */; };
		673AE9251FC7F5BD0002D304 /* ForceTouchListVC.m in Sources */ = {isa = PBXBuildFile; fileRef = 673AE9241FC7F5BD0002D304 /* ForceTouchListVC.m */; };
		673AE92B1FC7F5E90002D304 /* ForceTouchDetailVC.m in Sources */ = {isa = PBXBuildFile; fileRef = 673AE92A1FC7F5E90002D304 /* ForceTouchDetailVC.m */; };
		673AE94A1FC810560002D304 /* NotificationCenter.framework in Frameworks */ = {isa = PBXBuildFile; fileRef = 673AE9321FC80E8A0002D304 /* NotificationCenter.framework */; };
		673AE94E1FC810560002D304 /* TodayViewController.m in Sources */ = {isa = PBXBuildFile; fileRef = 673AE94D1FC810560002D304 /* TodayViewController.m */; };
		673AE9511FC810560002D304 /* MainInterface.storyboard in Resources */ = {isa = PBXBuildFile; fileRef = 673AE94F1FC810560002D304 /* MainInterface.storyboard */; };
		673AE9551FC810560002D304 /* Widget.appex in Embed App Extensions */ = {isa = PBXBuildFile; fileRef = 673AE9491FC810560002D304 /* Widget.appex */; settings = {ATTRIBUTES = (RemoveHeadersOnCopy, ); }; };
		67535E6F2390BC9B0009F882 /* 方正粗谭黑简体.ttf in Resources */ = {isa = PBXBuildFile; fileRef = 67535E6E2390BC9B0009F882 /* 方正粗谭黑简体.ttf */; };
		67535E722390C2920009F882 /* FGLanguageTool.m in Sources */ = {isa = PBXBuildFile; fileRef = 67535E712390C2920009F882 /* FGLanguageTool.m */; };
		67535E812390C6560009F882 /* InfoPlist.strings in Resources */ = {isa = PBXBuildFile; fileRef = 67535E832390C6560009F882 /* InfoPlist.strings */; };
		67535E892390F0CF0009F882 /* FontViewControlle.m in Sources */ = {isa = PBXBuildFile; fileRef = 67535E882390F0CF0009F882 /* FontViewControlle.m */; };
		675852A8231D21A700C5CF7E /* WTableViewController.m in Sources */ = {isa = PBXBuildFile; fileRef = 675852A7231D21A700C5CF7E /* WTableViewController.m */; };
		675852AB231D23F700C5CF7E /* WTableViewCell.m in Sources */ = {isa = PBXBuildFile; fileRef = 675852AA231D23F700C5CF7E /* WTableViewCell.m */; };
		677BADD71FC412A700E7A3FF /* WConstants.m in Sources */ = {isa = PBXBuildFile; fileRef = 677BADD61FC412A700E7A3FF /* WConstants.m */; };
		6783C8531FB941EE0040C02B /* AppDelegate.m in Sources */ = {isa = PBXBuildFile; fileRef = 6783C8521FB941EE0040C02B /* AppDelegate.m */; };
		6783C8561FB941EE0040C02B /* ViewController.m in Sources */ = {isa = PBXBuildFile; fileRef = 6783C8551FB941EE0040C02B /* ViewController.m */; };
		6783C8591FB941EE0040C02B /* Main.storyboard in Resources */ = {isa = PBXBuildFile; fileRef = 6783C8571FB941EE0040C02B /* Main.storyboard */; };
		6783C85B1FB941EE0040C02B /* Assets.xcassets in Resources */ = {isa = PBXBuildFile; fileRef = 6783C85A1FB941EE0040C02B /* Assets.xcassets */; };
		6783C85E1FB941EE0040C02B /* LaunchScreen.storyboard in Resources */ = {isa = PBXBuildFile; fileRef = 6783C85C1FB941EE0040C02B /* LaunchScreen.storyboard */; };
		6783C8611FB941EE0040C02B /* main.m in Sources */ = {isa = PBXBuildFile; fileRef = 6783C8601FB941EE0040C02B /* main.m */; };
		6783C86B1FB941EE0040C02B /* WDEMOTests.m in Sources */ = {isa = PBXBuildFile; fileRef = 6783C86A1FB941EE0040C02B /* WDEMOTests.m */; };
		6783C8761FB941EE0040C02B /* WDEMOUITests.m in Sources */ = {isa = PBXBuildFile; fileRef = 6783C8751FB941EE0040C02B /* WDEMOUITests.m */; };
		6783C8901FB944B80040C02B /* LZTagListCell.m in Sources */ = {isa = PBXBuildFile; fileRef = 6783C8851FB944B80040C02B /* LZTagListCell.m */; };
		6783C8911FB944B80040C02B /* LZTagListVC.m in Sources */ = {isa = PBXBuildFile; fileRef = 6783C8871FB944B80040C02B /* LZTagListVC.m */; };
		6783C8921FB944B80040C02B /* LZTagListView.m in Sources */ = {isa = PBXBuildFile; fileRef = 6783C8891FB944B80040C02B /* LZTagListView.m */; };
		6783C8931FB944B80040C02B /* LZTagSegmentedControl.m in Sources */ = {isa = PBXBuildFile; fileRef = 6783C88B1FB944B80040C02B /* LZTagSegmentedControl.m */; };
		6783C8941FB944B80040C02B /* CustomLayout.m in Sources */ = {isa = PBXBuildFile; fileRef = 6783C88D1FB944B80040C02B /* CustomLayout.m */; };
		6783C8951FB944B80040C02B /* WaterFlowLayout.m in Sources */ = {isa = PBXBuildFile; fileRef = 6783C88F1FB944B80040C02B /* WaterFlowLayout.m */; };
		679FEC5E210AF53B00FF4972 /* RoundedSegmentedControl.m in Sources */ = {isa = PBXBuildFile; fileRef = 679FEC5C210AF53A00FF4972 /* RoundedSegmentedControl.m */; };
		67AB47F9231E07D100C837BB /* AlterViewController.m in Sources */ = {isa = PBXBuildFile; fileRef = 67AB47F8231E07D100C837BB /* AlterViewController.m */; };
		67B7E5F42321187E00C494EF /* PassValueViewController.m in Sources */ = {isa = PBXBuildFile; fileRef = 67B7E5F32321187E00C494EF /* PassValueViewController.m */; };
		67B7E5F72321189E00C494EF /* DelegateViewController.m in Sources */ = {isa = PBXBuildFile; fileRef = 67B7E5F62321189E00C494EF /* DelegateViewController.m */; };
		67B7E5FA232118A900C494EF /* BlockViewController.m in Sources */ = {isa = PBXBuildFile; fileRef = 67B7E5F9232118A900C494EF /* BlockViewController.m */; };
		67B7E5FD232118B800C494EF /* NotificationViewController.m in Sources */ = {isa = PBXBuildFile; fileRef = 67B7E5FC232118B800C494EF /* NotificationViewController.m */; };
		A459C29124C16ADE00A3B5FF /* CJAppUncaughtExceptionHandler.m in Sources */ = {isa = PBXBuildFile; fileRef = A459C29024C16ADE00A3B5FF /* CJAppUncaughtExceptionHandler.m */; };
		A459C29424C174A300A3B5FF /* Plist.m in Sources */ = {isa = PBXBuildFile; fileRef = A459C29324C174A300A3B5FF /* Plist.m */; };
		A479988024BAB2FA0079F72D /* GaoDengViewController.m in Sources */ = {isa = PBXBuildFile; fileRef = A479987F24BAB2FA0079F72D /* GaoDengViewController.m */; };
		A479988C24BAC0E20079F72D /* SmallCollectionView.m in Sources */ = {isa = PBXBuildFile; fileRef = A479988B24BAC0E20079F72D /* SmallCollectionView.m */; };
		A479988F24BAE2EF0079F72D /* BigCollectionView.m in Sources */ = {isa = PBXBuildFile; fileRef = A479988E24BAE2EF0079F72D /* BigCollectionView.m */; };
		A479989224BAEBCE0079F72D /* SmallBigCollectionViewCell.m in Sources */ = {isa = PBXBuildFile; fileRef = A479989124BAEBCE0079F72D /* SmallBigCollectionViewCell.m */; };
		A4F2C09024B97F5E005922B1 /* TagListViewController.m in Sources */ = {isa = PBXBuildFile; fileRef = A4F2C08F24B97F5E005922B1 /* TagListViewController.m */; };
		A4F2C09724B97F9B005922B1 /* TagListCell.m in Sources */ = {isa = PBXBuildFile; fileRef = A4F2C09324B97F9B005922B1 /* TagListCell.m */; };
		A4F2C09824B97F9B005922B1 /* TagListView.m in Sources */ = {isa = PBXBuildFile; fileRef = A4F2C09524B97F9B005922B1 /* TagListView.m */; };
		A4F2C09924B97F9B005922B1 /* TagSegmentedControl.m in Sources */ = {isa = PBXBuildFile; fileRef = A4F2C09624B97F9B005922B1 /* TagSegmentedControl.m */; };
		A4F2C0A024B97FD5005922B1 /* ViewController1.m in Sources */ = {isa = PBXBuildFile; fileRef = A4F2C09A24B97FD4005922B1 /* ViewController1.m */; };
		A4F2C0A124B97FD5005922B1 /* ViewController2.m in Sources */ = {isa = PBXBuildFile; fileRef = A4F2C09B24B97FD4005922B1 /* ViewController2.m */; };
		A4F2C0A224B97FD5005922B1 /* ViewController3.m in Sources */ = {isa = PBXBuildFile; fileRef = A4F2C09C24B97FD4005922B1 /* ViewController3.m */; };
		A4F9DC1B24D66049009FB2EA /* UIImage+size.m in Sources */ = {isa = PBXBuildFile; fileRef = A4F9DC1A24D66049009FB2EA /* UIImage+size.m */; };
		F507113024E2A6A700AD5306 /* MYPerson.m in Sources */ = {isa = PBXBuildFile; fileRef = F507112F24E2A6A700AD5306 /* MYPerson.m */; };
		F507113324E2A6BE00AD5306 /* MYCar.m in Sources */ = {isa = PBXBuildFile; fileRef = F507113224E2A6BE00AD5306 /* MYCar.m */; };
		F507113724E2AB9400AD5306 /* IsEqualViewController.m in Sources */ = {isa = PBXBuildFile; fileRef = F507113624E2AB9400AD5306 /* IsEqualViewController.m */; };
		F553E12724CA800200DA5625 /* TResponderTextView.m in Sources */ = {isa = PBXBuildFile; fileRef = F553E11D24CA800200DA5625 /* TResponderTextView.m */; };
		F553E12824CA800200DA5625 /* InputBar.m in Sources */ = {isa = PBXBuildFile; fileRef = F553E11E24CA800200DA5625 /* InputBar.m */; };
		F553E12924CA800200DA5625 /* FaceView.m in Sources */ = {isa = PBXBuildFile; fileRef = F553E11F24CA800200DA5625 /* FaceView.m */; };
		F553E12A24CA800200DA5625 /* InputController.m in Sources */ = {isa = PBXBuildFile; fileRef = F553E12224CA800200DA5625 /* InputController.m */; };
		F553E12B24CA800200DA5625 /* FaceCell.m in Sources */ = {isa = PBXBuildFile; fileRef = F553E12624CA800200DA5625 /* FaceCell.m */; };
		F553E14424CA82E700DA5625 /* ChatKitConfig.m in Sources */ = {isa = PBXBuildFile; fileRef = F553E14224CA82E600DA5625 /* ChatKitConfig.m */; };
		F553E17B24CA86FC00DA5625 /* UIImage+ChatKit..m in Sources */ = {isa = PBXBuildFile; fileRef = F553E17A24CA86FC00DA5625 /* UIImage+ChatKit..m */; };
		F553E17E24CA888800DA5625 /* ChatHelper.m in Sources */ = {isa = PBXBuildFile; fileRef = F553E17C24CA888700DA5625 /* ChatHelper.m */; };
		F553E19B24CA8DE200DA5625 /* NSAttributedString+FaceString.m in Sources */ = {isa = PBXBuildFile; fileRef = F553E19424CA8DE200DA5625 /* NSAttributedString+FaceString.m */; };
		F553E19D24CA8DE200DA5625 /* FaceAttachment.m in Sources */ = {isa = PBXBuildFile; fileRef = F553E19924CA8DE200DA5625 /* FaceAttachment.m */; };
		F553E1A124CA8F9B00DA5625 /* ChatMessageDataModel.m in Sources */ = {isa = PBXBuildFile; fileRef = F553E1A024CA8F9B00DA5625 /* ChatMessageDataModel.m */; };
		F553E1E124CAC69F00DA5625 /* ChatMessageCell.m in Sources */ = {isa = PBXBuildFile; fileRef = F553E1E024CAC69F00DA5625 /* ChatMessageCell.m */; };
		F5668FAE24C6C0B9007D452E /* WCollectionViewController.m in Sources */ = {isa = PBXBuildFile; fileRef = F5668FAD24C6C0B9007D452E /* WCollectionViewController.m */; };
		F5668FB124C6C11C007D452E /* WCollectionViewCell.m in Sources */ = {isa = PBXBuildFile; fileRef = F5668FB024C6C11C007D452E /* WCollectionViewCell.m */; };
		F5668FBA24C6DB69007D452E /* CpuMemoryUsage.m in Sources */ = {isa = PBXBuildFile; fileRef = F5668FB924C6DB69007D452E /* CpuMemoryUsage.m */; };
		F57A6A7724CFCA8400D51E01 /* FaceMessageCell.m in Sources */ = {isa = PBXBuildFile; fileRef = F57A6A7624CFCA8400D51E01 /* FaceMessageCell.m */; };
		F57A6A7A24CFCA9700D51E01 /* EnterMessageCell.m in Sources */ = {isa = PBXBuildFile; fileRef = F57A6A7924CFCA9700D51E01 /* EnterMessageCell.m */; };
		F57B52A024C7DECF00940696 /* ChatViewController.m in Sources */ = {isa = PBXBuildFile; fileRef = F57B529F24C7DECF00940696 /* ChatViewController.m */; };
		F57B52A324C7DF2700940696 /* ChatController.m in Sources */ = {isa = PBXBuildFile; fileRef = F57B52A224C7DF2700940696 /* ChatController.m */; };
		F5C7261824E1258000B16639 /* ListModel.m in Sources */ = {isa = PBXBuildFile; fileRef = F5C7261724E1257F00B16639 /* ListModel.m */; };
		F5C7261B24E1317B00B16639 /* ListModelCell.m in Sources */ = {isa = PBXBuildFile; fileRef = F5C7261A24E1317B00B16639 /* ListModelCell.m */; };
		F5D0FBFF24E0E6CB00CAADF8 /* AttributedTextViewController.m in Sources */ = {isa = PBXBuildFile; fileRef = F5D0FBFE24E0E6CB00CAADF8 /* AttributedTextViewController.m */; };
		F5D0FC0224E0E70500CAADF8 /* MaskViewController.m in Sources */ = {isa = PBXBuildFile; fileRef = F5D0FC0124E0E70500CAADF8 /* MaskViewController.m */; };
		F5D0FC0924E0F91800CAADF8 /* UIColor+TUIDarkMode.m in Sources */ = {isa = PBXBuildFile; fileRef = F5D0FC0524E0F91800CAADF8 /* UIColor+TUIDarkMode.m */; };
		F5D0FC0A24E0F91800CAADF8 /* UIImage+TUIDarkMode.m in Sources */ = {isa = PBXBuildFile; fileRef = F5D0FC0624E0F91800CAADF8 /* UIImage+TUIDarkMode.m */; };
		F5D0FC0D24E0F99800CAADF8 /* UIImage+TUIKIT.m in Sources */ = {isa = PBXBuildFile; fileRef = F5D0FC0C24E0F99700CAADF8 /* UIImage+TUIKIT.m */; };
		F5DEB2A624CE7E4B009A6767 /* ChatMemberListView.m in Sources */ = {isa = PBXBuildFile; fileRef = F5DEB2A524CE7E4B009A6767 /* ChatMemberListView.m */; };
		F5DEB2A924CE7FA0009A6767 /* ChatMemberListCell.m in Sources */ = {isa = PBXBuildFile; fileRef = F5DEB2A824CE7FA0009A6767 /* ChatMemberListCell.m */; };
		F5DEB32924CEBB66009A6767 /* MessageController.m in Sources */ = {isa = PBXBuildFile; fileRef = F5DEB32724CEBB66009A6767 /* MessageController.m */; };
		F5DEB33024CEF5E3009A6767 /* NoInputBar.m in Sources */ = {isa = PBXBuildFile; fileRef = F5DEB32F24CEF5E3009A6767 /* NoInputBar.m */; };
		F5F3664924C8287C008BA221 /* ChatKit.m in Sources */ = {isa = PBXBuildFile; fileRef = F5F3664824C8287C008BA221 /* ChatKit.m */; };
		F5F3665224C82ABF008BA221 /* ChatKitFace.bundle in Resources */ = {isa = PBXBuildFile; fileRef = F5F3665024C82AB9008BA221 /* ChatKitFace.bundle */; };
		F5F3665324C82ABF008BA221 /* ChatKitResource.bundle in Resources */ = {isa = PBXBuildFile; fileRef = F5F3665124C82ABE008BA221 /* ChatKitResource.bundle */; };
		F5F3665624C82E5C008BA221 /* ChatImageCache.m in Sources */ = {isa = PBXBuildFile; fileRef = F5F3665524C82E5C008BA221 /* ChatImageCache.m */; };
		F5F4F10324D3C158007DB7F3 /* YYViewController.m in Sources */ = {isa = PBXBuildFile; fileRef = F5F4F10224D3C158007DB7F3 /* YYViewController.m */; };
		F5F4F10924D40312007DB7F3 /* TipMessageCell.m in Sources */ = {isa = PBXBuildFile; fileRef = F5F4F10724D40311007DB7F3 /* TipMessageCell.m */; };
		F5F4F10C24D4081A007DB7F3 /* ChatMessageYYDataModel.m in Sources */ = {isa = PBXBuildFile; fileRef = F5F4F10B24D4081A007DB7F3 /* ChatMessageYYDataModel.m */; };
/* End PBXBuildFile section */

/* Begin PBXContainerItemProxy section */
		673AE9531FC810560002D304 /* PBXContainerItemProxy */ = {
			isa = PBXContainerItemProxy;
			containerPortal = 6783C8461FB941EE0040C02B /* Project object */;
			proxyType = 1;
			remoteGlobalIDString = 673AE9481FC810560002D304;
			remoteInfo = Widget;
		};
		6783C8671FB941EE0040C02B /* PBXContainerItemProxy */ = {
			isa = PBXContainerItemProxy;
			containerPortal = 6783C8461FB941EE0040C02B /* Project object */;
			proxyType = 1;
			remoteGlobalIDString = 6783C84D1FB941EE0040C02B;
			remoteInfo = WDEMO;
		};
		6783C8721FB941EE0040C02B /* PBXContainerItemProxy */ = {
			isa = PBXContainerItemProxy;
			containerPortal = 6783C8461FB941EE0040C02B /* Project object */;
			proxyType = 1;
			remoteGlobalIDString = 6783C84D1FB941EE0040C02B;
			remoteInfo = WDEMO;
		};
/* End PBXContainerItemProxy section */

/* Begin PBXCopyFilesBuildPhase section */
		673AE9421FC80E8A0002D304 /* Embed App Extensions */ = {
			isa = PBXCopyFilesBuildPhase;
			buildActionMask = 2147483647;
			dstPath = "";
			dstSubfolderSpec = 13;
			files = (
				673AE9551FC810560002D304 /* Widget.appex in Embed App Extensions */,
			);
			name = "Embed App Extensions";
			runOnlyForDeploymentPostprocessing = 0;
		};
/* End PBXCopyFilesBuildPhase section */

/* Begin PBXFileReference section */
		40B5BC0730FFB7F76306A580 /* libPods-WDEMO.a */ = {isa = PBXFileReference; explicitFileType = archive.ar; includeInIndex = 0; path = "libPods-WDEMO.a"; sourceTree = BUILT_PRODUCTS_DIR; };
		67303348210AED3C001471D8 /* PersonalCenterBarBtn.m */ = {isa = PBXFileReference; fileEncoding = 4; lastKnownFileType = sourcecode.c.objc; path = PersonalCenterBarBtn.m; sourceTree = "<group>"; };
		67303349210AED3C001471D8 /* PersonalCenterBar.h */ = {isa = PBXFileReference; fileEncoding = 4; lastKnownFileType = sourcecode.c.h; path = PersonalCenterBar.h; sourceTree = "<group>"; };
		6730334A210AED3C001471D8 /* PersonalCenterBar.m */ = {isa = PBXFileReference; fileEncoding = 4; lastKnownFileType = sourcecode.c.objc; path = PersonalCenterBar.m; sourceTree = "<group>"; };
		6730334B210AED3C001471D8 /* PersonalCenterBarBtn.h */ = {isa = PBXFileReference; fileEncoding = 4; lastKnownFileType = sourcecode.c.h; path = PersonalCenterBarBtn.h; sourceTree = "<group>"; };
		673AE9231FC7F5BD0002D304 /* ForceTouchListVC.h */ = {isa = PBXFileReference; lastKnownFileType = sourcecode.c.h; path = ForceTouchListVC.h; sourceTree = "<group>"; };
		673AE9241FC7F5BD0002D304 /* ForceTouchListVC.m */ = {isa = PBXFileReference; lastKnownFileType = sourcecode.c.objc; path = ForceTouchListVC.m; sourceTree = "<group>"; };
		673AE9291FC7F5E90002D304 /* ForceTouchDetailVC.h */ = {isa = PBXFileReference; lastKnownFileType = sourcecode.c.h; path = ForceTouchDetailVC.h; sourceTree = "<group>"; };
		673AE92A1FC7F5E90002D304 /* ForceTouchDetailVC.m */ = {isa = PBXFileReference; lastKnownFileType = sourcecode.c.objc; path = ForceTouchDetailVC.m; sourceTree = "<group>"; };
		673AE9321FC80E8A0002D304 /* NotificationCenter.framework */ = {isa = PBXFileReference; lastKnownFileType = wrapper.framework; name = NotificationCenter.framework; path = System/Library/Frameworks/NotificationCenter.framework; sourceTree = SDKROOT; };
		673AE9491FC810560002D304 /* Widget.appex */ = {isa = PBXFileReference; explicitFileType = "wrapper.app-extension"; includeInIndex = 0; path = Widget.appex; sourceTree = BUILT_PRODUCTS_DIR; };
		673AE94C1FC810560002D304 /* TodayViewController.h */ = {isa = PBXFileReference; lastKnownFileType = sourcecode.c.h; path = TodayViewController.h; sourceTree = "<group>"; };
		673AE94D1FC810560002D304 /* TodayViewController.m */ = {isa = PBXFileReference; lastKnownFileType = sourcecode.c.objc; path = TodayViewController.m; sourceTree = "<group>"; };
		673AE9501FC810560002D304 /* Base */ = {isa = PBXFileReference; lastKnownFileType = file.storyboard; name = Base; path = Base.lproj/MainInterface.storyboard; sourceTree = "<group>"; };
		673AE9521FC810560002D304 /* Info.plist */ = {isa = PBXFileReference; lastKnownFileType = text.plist.xml; path = Info.plist; sourceTree = "<group>"; };
		67535E6E2390BC9B0009F882 /* 方正粗谭黑简体.ttf */ = {isa = PBXFileReference; lastKnownFileType = file; path = "方正粗谭黑简体.ttf"; sourceTree = "<group>"; };
		67535E702390C2920009F882 /* FGLanguageTool.h */ = {isa = PBXFileReference; lastKnownFileType = sourcecode.c.h; path = FGLanguageTool.h; sourceTree = "<group>"; };
		67535E712390C2920009F882 /* FGLanguageTool.m */ = {isa = PBXFileReference; lastKnownFileType = sourcecode.c.objc; path = FGLanguageTool.m; sourceTree = "<group>"; };
		67535E792390C6100009F882 /* zh-Hans */ = {isa = PBXFileReference; lastKnownFileType = text.plist.strings; name = "zh-Hans"; path = "zh-Hans.lproj/Main.strings"; sourceTree = "<group>"; };
		67535E7A2390C6100009F882 /* zh-Hans */ = {isa = PBXFileReference; lastKnownFileType = text.plist.strings; name = "zh-Hans"; path = "zh-Hans.lproj/LaunchScreen.strings"; sourceTree = "<group>"; };
		67535E7B2390C6100009F882 /* zh-Hans */ = {isa = PBXFileReference; lastKnownFileType = text.plist.strings; name = "zh-Hans"; path = "zh-Hans.lproj/MainInterface.strings"; sourceTree = "<group>"; };
		67535E7C2390C6130009F882 /* zh-Hant */ = {isa = PBXFileReference; lastKnownFileType = text.plist.strings; name = "zh-Hant"; path = "zh-Hant.lproj/Main.strings"; sourceTree = "<group>"; };
		67535E7D2390C6130009F882 /* zh-Hant */ = {isa = PBXFileReference; lastKnownFileType = text.plist.strings; name = "zh-Hant"; path = "zh-Hant.lproj/LaunchScreen.strings"; sourceTree = "<group>"; };
		67535E7E2390C6140009F882 /* zh-Hant */ = {isa = PBXFileReference; lastKnownFileType = text.plist.strings; name = "zh-Hant"; path = "zh-Hant.lproj/MainInterface.strings"; sourceTree = "<group>"; };
		67535E822390C6560009F882 /* zh-Hans */ = {isa = PBXFileReference; lastKnownFileType = text.plist.strings; name = "zh-Hans"; path = "zh-Hans.lproj/InfoPlist.strings"; sourceTree = "<group>"; };
		67535E852390C6590009F882 /* zh-Hant */ = {isa = PBXFileReference; lastKnownFileType = text.plist.strings; name = "zh-Hant"; path = "zh-Hant.lproj/InfoPlist.strings"; sourceTree = "<group>"; };
		67535E862390CA9A0009F882 /* en */ = {isa = PBXFileReference; lastKnownFileType = text.plist.strings; name = en; path = en.lproj/InfoPlist.strings; sourceTree = "<group>"; };
		67535E872390F0CF0009F882 /* FontViewControlle.h */ = {isa = PBXFileReference; lastKnownFileType = sourcecode.c.h; path = FontViewControlle.h; sourceTree = "<group>"; };
		67535E882390F0CF0009F882 /* FontViewControlle.m */ = {isa = PBXFileReference; lastKnownFileType = sourcecode.c.objc; path = FontViewControlle.m; sourceTree = "<group>"; };
		675852A6231D21A700C5CF7E /* WTableViewController.h */ = {isa = PBXFileReference; lastKnownFileType = sourcecode.c.h; path = WTableViewController.h; sourceTree = "<group>"; };
		675852A7231D21A700C5CF7E /* WTableViewController.m */ = {isa = PBXFileReference; lastKnownFileType = sourcecode.c.objc; path = WTableViewController.m; sourceTree = "<group>"; };
		675852A9231D23F700C5CF7E /* WTableViewCell.h */ = {isa = PBXFileReference; lastKnownFileType = sourcecode.c.h; path = WTableViewCell.h; sourceTree = "<group>"; };
		675852AA231D23F700C5CF7E /* WTableViewCell.m */ = {isa = PBXFileReference; lastKnownFileType = sourcecode.c.objc; path = WTableViewCell.m; sourceTree = "<group>"; };
		677BADCD1FC40D4E00E7A3FF /* WMacros.h */ = {isa = PBXFileReference; lastKnownFileType = sourcecode.c.h; path = WMacros.h; sourceTree = "<group>"; };
		677BADD41FC4128900E7A3FF /* WEnums.h */ = {isa = PBXFileReference; lastKnownFileType = sourcecode.c.h; path = WEnums.h; sourceTree = "<group>"; };
		677BADD51FC412A700E7A3FF /* WConstants.h */ = {isa = PBXFileReference; lastKnownFileType = sourcecode.c.h; path = WConstants.h; sourceTree = "<group>"; };
		677BADD61FC412A700E7A3FF /* WConstants.m */ = {isa = PBXFileReference; lastKnownFileType = sourcecode.c.objc; path = WConstants.m; sourceTree = "<group>"; };
		6783C84E1FB941EE0040C02B /* WDEMO.app */ = {isa = PBXFileReference; explicitFileType = wrapper.application; includeInIndex = 0; path = WDEMO.app; sourceTree = BUILT_PRODUCTS_DIR; };
		6783C8511FB941EE0040C02B /* AppDelegate.h */ = {isa = PBXFileReference; lastKnownFileType = sourcecode.c.h; path = AppDelegate.h; sourceTree = "<group>"; };
		6783C8521FB941EE0040C02B /* AppDelegate.m */ = {isa = PBXFileReference; lastKnownFileType = sourcecode.c.objc; path = AppDelegate.m; sourceTree = "<group>"; };
		6783C8541FB941EE0040C02B /* ViewController.h */ = {isa = PBXFileReference; lastKnownFileType = sourcecode.c.h; path = ViewController.h; sourceTree = "<group>"; };
		6783C8551FB941EE0040C02B /* ViewController.m */ = {isa = PBXFileReference; lastKnownFileType = sourcecode.c.objc; path = ViewController.m; sourceTree = "<group>"; };
		6783C8581FB941EE0040C02B /* Base */ = {isa = PBXFileReference; lastKnownFileType = file.storyboard; name = Base; path = Base.lproj/Main.storyboard; sourceTree = "<group>"; };
		6783C85A1FB941EE0040C02B /* Assets.xcassets */ = {isa = PBXFileReference; lastKnownFileType = folder.assetcatalog; path = Assets.xcassets; sourceTree = "<group>"; };
		6783C85D1FB941EE0040C02B /* Base */ = {isa = PBXFileReference; lastKnownFileType = file.storyboard; name = Base; path = Base.lproj/LaunchScreen.storyboard; sourceTree = "<group>"; };
		6783C85F1FB941EE0040C02B /* Info.plist */ = {isa = PBXFileReference; lastKnownFileType = text.plist.xml; path = Info.plist; sourceTree = "<group>"; };
		6783C8601FB941EE0040C02B /* main.m */ = {isa = PBXFileReference; lastKnownFileType = sourcecode.c.objc; path = main.m; sourceTree = "<group>"; };
		6783C8661FB941EE0040C02B /* WDEMOTests.xctest */ = {isa = PBXFileReference; explicitFileType = wrapper.cfbundle; includeInIndex = 0; path = WDEMOTests.xctest; sourceTree = BUILT_PRODUCTS_DIR; };
		6783C86A1FB941EE0040C02B /* WDEMOTests.m */ = {isa = PBXFileReference; lastKnownFileType = sourcecode.c.objc; path = WDEMOTests.m; sourceTree = "<group>"; };
		6783C86C1FB941EE0040C02B /* Info.plist */ = {isa = PBXFileReference; lastKnownFileType = text.plist.xml; path = Info.plist; sourceTree = "<group>"; };
		6783C8711FB941EE0040C02B /* WDEMOUITests.xctest */ = {isa = PBXFileReference; explicitFileType = wrapper.cfbundle; includeInIndex = 0; path = WDEMOUITests.xctest; sourceTree = BUILT_PRODUCTS_DIR; };
		6783C8751FB941EE0040C02B /* WDEMOUITests.m */ = {isa = PBXFileReference; lastKnownFileType = sourcecode.c.objc; path = WDEMOUITests.m; sourceTree = "<group>"; };
		6783C8771FB941EE0040C02B /* Info.plist */ = {isa = PBXFileReference; lastKnownFileType = text.plist.xml; path = Info.plist; sourceTree = "<group>"; };
		6783C8841FB944B80040C02B /* LZTagListCell.h */ = {isa = PBXFileReference; fileEncoding = 4; lastKnownFileType = sourcecode.c.h; path = LZTagListCell.h; sourceTree = "<group>"; };
		6783C8851FB944B80040C02B /* LZTagListCell.m */ = {isa = PBXFileReference; fileEncoding = 4; lastKnownFileType = sourcecode.c.objc; path = LZTagListCell.m; sourceTree = "<group>"; };
		6783C8861FB944B80040C02B /* LZTagListVC.h */ = {isa = PBXFileReference; fileEncoding = 4; lastKnownFileType = sourcecode.c.h; path = LZTagListVC.h; sourceTree = "<group>"; };
		6783C8871FB944B80040C02B /* LZTagListVC.m */ = {isa = PBXFileReference; fileEncoding = 4; lastKnownFileType = sourcecode.c.objc; path = LZTagListVC.m; sourceTree = "<group>"; };
		6783C8881FB944B80040C02B /* LZTagListView.h */ = {isa = PBXFileReference; fileEncoding = 4; lastKnownFileType = sourcecode.c.h; path = LZTagListView.h; sourceTree = "<group>"; };
		6783C8891FB944B80040C02B /* LZTagListView.m */ = {isa = PBXFileReference; fileEncoding = 4; lastKnownFileType = sourcecode.c.objc; path = LZTagListView.m; sourceTree = "<group>"; };
		6783C88A1FB944B80040C02B /* LZTagSegmentedControl.h */ = {isa = PBXFileReference; fileEncoding = 4; lastKnownFileType = sourcecode.c.h; path = LZTagSegmentedControl.h; sourceTree = "<group>"; };
		6783C88B1FB944B80040C02B /* LZTagSegmentedControl.m */ = {isa = PBXFileReference; fileEncoding = 4; lastKnownFileType = sourcecode.c.objc; path = LZTagSegmentedControl.m; sourceTree = "<group>"; };
		6783C88C1FB944B80040C02B /* CustomLayout.h */ = {isa = PBXFileReference; fileEncoding = 4; lastKnownFileType = sourcecode.c.h; path = CustomLayout.h; sourceTree = "<group>"; };
		6783C88D1FB944B80040C02B /* CustomLayout.m */ = {isa = PBXFileReference; fileEncoding = 4; lastKnownFileType = sourcecode.c.objc; path = CustomLayout.m; sourceTree = "<group>"; };
		6783C88E1FB944B80040C02B /* WaterFlowLayout.h */ = {isa = PBXFileReference; fileEncoding = 4; lastKnownFileType = sourcecode.c.h; path = WaterFlowLayout.h; sourceTree = "<group>"; };
		6783C88F1FB944B80040C02B /* WaterFlowLayout.m */ = {isa = PBXFileReference; fileEncoding = 4; lastKnownFileType = sourcecode.c.objc; path = WaterFlowLayout.m; sourceTree = "<group>"; };
		679FEC5C210AF53A00FF4972 /* RoundedSegmentedControl.m */ = {isa = PBXFileReference; fileEncoding = 4; lastKnownFileType = sourcecode.c.objc; path = RoundedSegmentedControl.m; sourceTree = "<group>"; };
		679FEC5D210AF53B00FF4972 /* RoundedSegmentedControl.h */ = {isa = PBXFileReference; fileEncoding = 4; lastKnownFileType = sourcecode.c.h; path = RoundedSegmentedControl.h; sourceTree = "<group>"; };
		67AB47F7231E07D100C837BB /* AlterViewController.h */ = {isa = PBXFileReference; lastKnownFileType = sourcecode.c.h; path = AlterViewController.h; sourceTree = "<group>"; };
		67AB47F8231E07D100C837BB /* AlterViewController.m */ = {isa = PBXFileReference; lastKnownFileType = sourcecode.c.objc; path = AlterViewController.m; sourceTree = "<group>"; };
		67B7E5F22321187E00C494EF /* PassValueViewController.h */ = {isa = PBXFileReference; lastKnownFileType = sourcecode.c.h; path = PassValueViewController.h; sourceTree = "<group>"; };
		67B7E5F32321187E00C494EF /* PassValueViewController.m */ = {isa = PBXFileReference; lastKnownFileType = sourcecode.c.objc; path = PassValueViewController.m; sourceTree = "<group>"; };
		67B7E5F52321189E00C494EF /* DelegateViewController.h */ = {isa = PBXFileReference; lastKnownFileType = sourcecode.c.h; path = DelegateViewController.h; sourceTree = "<group>"; };
		67B7E5F62321189E00C494EF /* DelegateViewController.m */ = {isa = PBXFileReference; lastKnownFileType = sourcecode.c.objc; path = DelegateViewController.m; sourceTree = "<group>"; };
		67B7E5F8232118A900C494EF /* BlockViewController.h */ = {isa = PBXFileReference; lastKnownFileType = sourcecode.c.h; path = BlockViewController.h; sourceTree = "<group>"; };
		67B7E5F9232118A900C494EF /* BlockViewController.m */ = {isa = PBXFileReference; lastKnownFileType = sourcecode.c.objc; path = BlockViewController.m; sourceTree = "<group>"; };
		67B7E5FB232118B800C494EF /* NotificationViewController.h */ = {isa = PBXFileReference; lastKnownFileType = sourcecode.c.h; path = NotificationViewController.h; sourceTree = "<group>"; };
		67B7E5FC232118B800C494EF /* NotificationViewController.m */ = {isa = PBXFileReference; lastKnownFileType = sourcecode.c.objc; path = NotificationViewController.m; sourceTree = "<group>"; };
		6F661C06B03CAE44D97A8656 /* Pods-WDEMO.release.xcconfig */ = {isa = PBXFileReference; includeInIndex = 1; lastKnownFileType = text.xcconfig; name = "Pods-WDEMO.release.xcconfig"; path = "Target Support Files/Pods-WDEMO/Pods-WDEMO.release.xcconfig"; sourceTree = "<group>"; };
		A459C28F24C16ADE00A3B5FF /* CJAppUncaughtExceptionHandler.h */ = {isa = PBXFileReference; lastKnownFileType = sourcecode.c.h; path = CJAppUncaughtExceptionHandler.h; sourceTree = "<group>"; };
		A459C29024C16ADE00A3B5FF /* CJAppUncaughtExceptionHandler.m */ = {isa = PBXFileReference; lastKnownFileType = sourcecode.c.objc; path = CJAppUncaughtExceptionHandler.m; sourceTree = "<group>"; };
		A459C29224C174A300A3B5FF /* Plist.h */ = {isa = PBXFileReference; lastKnownFileType = sourcecode.c.h; path = Plist.h; sourceTree = "<group>"; };
		A459C29324C174A300A3B5FF /* Plist.m */ = {isa = PBXFileReference; lastKnownFileType = sourcecode.c.objc; path = Plist.m; sourceTree = "<group>"; };
		A479987E24BAB2FA0079F72D /* GaoDengViewController.h */ = {isa = PBXFileReference; lastKnownFileType = sourcecode.c.h; path = GaoDengViewController.h; sourceTree = "<group>"; };
		A479987F24BAB2FA0079F72D /* GaoDengViewController.m */ = {isa = PBXFileReference; lastKnownFileType = sourcecode.c.objc; path = GaoDengViewController.m; sourceTree = "<group>"; };
		A479988A24BAC0E20079F72D /* SmallCollectionView.h */ = {isa = PBXFileReference; lastKnownFileType = sourcecode.c.h; path = SmallCollectionView.h; sourceTree = "<group>"; };
		A479988B24BAC0E20079F72D /* SmallCollectionView.m */ = {isa = PBXFileReference; lastKnownFileType = sourcecode.c.objc; path = SmallCollectionView.m; sourceTree = "<group>"; };
		A479988D24BAE2EF0079F72D /* BigCollectionView.h */ = {isa = PBXFileReference; lastKnownFileType = sourcecode.c.h; path = BigCollectionView.h; sourceTree = "<group>"; };
		A479988E24BAE2EF0079F72D /* BigCollectionView.m */ = {isa = PBXFileReference; lastKnownFileType = sourcecode.c.objc; path = BigCollectionView.m; sourceTree = "<group>"; };
		A479989024BAEBCE0079F72D /* SmallBigCollectionViewCell.h */ = {isa = PBXFileReference; lastKnownFileType = sourcecode.c.h; path = SmallBigCollectionViewCell.h; sourceTree = "<group>"; };
		A479989124BAEBCE0079F72D /* SmallBigCollectionViewCell.m */ = {isa = PBXFileReference; lastKnownFileType = sourcecode.c.objc; path = SmallBigCollectionViewCell.m; sourceTree = "<group>"; };
		A4F2C08E24B97F5E005922B1 /* TagListViewController.h */ = {isa = PBXFileReference; lastKnownFileType = sourcecode.c.h; path = TagListViewController.h; sourceTree = "<group>"; };
		A4F2C08F24B97F5E005922B1 /* TagListViewController.m */ = {isa = PBXFileReference; lastKnownFileType = sourcecode.c.objc; path = TagListViewController.m; sourceTree = "<group>"; };
		A4F2C09124B97F9B005922B1 /* TagListCell.h */ = {isa = PBXFileReference; fileEncoding = 4; lastKnownFileType = sourcecode.c.h; path = TagListCell.h; sourceTree = "<group>"; };
		A4F2C09224B97F9B005922B1 /* TagListView.h */ = {isa = PBXFileReference; fileEncoding = 4; lastKnownFileType = sourcecode.c.h; path = TagListView.h; sourceTree = "<group>"; };
		A4F2C09324B97F9B005922B1 /* TagListCell.m */ = {isa = PBXFileReference; fileEncoding = 4; lastKnownFileType = sourcecode.c.objc; path = TagListCell.m; sourceTree = "<group>"; };
		A4F2C09424B97F9B005922B1 /* TagSegmentedControl.h */ = {isa = PBXFileReference; fileEncoding = 4; lastKnownFileType = sourcecode.c.h; path = TagSegmentedControl.h; sourceTree = "<group>"; };
		A4F2C09524B97F9B005922B1 /* TagListView.m */ = {isa = PBXFileReference; fileEncoding = 4; lastKnownFileType = sourcecode.c.objc; path = TagListView.m; sourceTree = "<group>"; };
		A4F2C09624B97F9B005922B1 /* TagSegmentedControl.m */ = {isa = PBXFileReference; fileEncoding = 4; lastKnownFileType = sourcecode.c.objc; path = TagSegmentedControl.m; sourceTree = "<group>"; };
		A4F2C09A24B97FD4005922B1 /* ViewController1.m */ = {isa = PBXFileReference; fileEncoding = 4; lastKnownFileType = sourcecode.c.objc; path = ViewController1.m; sourceTree = "<group>"; };
		A4F2C09B24B97FD4005922B1 /* ViewController2.m */ = {isa = PBXFileReference; fileEncoding = 4; lastKnownFileType = sourcecode.c.objc; path = ViewController2.m; sourceTree = "<group>"; };
		A4F2C09C24B97FD4005922B1 /* ViewController3.m */ = {isa = PBXFileReference; fileEncoding = 4; lastKnownFileType = sourcecode.c.objc; path = ViewController3.m; sourceTree = "<group>"; };
		A4F2C09D24B97FD4005922B1 /* ViewController3.h */ = {isa = PBXFileReference; fileEncoding = 4; lastKnownFileType = sourcecode.c.h; path = ViewController3.h; sourceTree = "<group>"; };
		A4F2C09E24B97FD4005922B1 /* ViewController1.h */ = {isa = PBXFileReference; fileEncoding = 4; lastKnownFileType = sourcecode.c.h; path = ViewController1.h; sourceTree = "<group>"; };
		A4F2C09F24B97FD5005922B1 /* ViewController2.h */ = {isa = PBXFileReference; fileEncoding = 4; lastKnownFileType = sourcecode.c.h; path = ViewController2.h; sourceTree = "<group>"; };
		A4F9DC1924D66049009FB2EA /* UIImage+size.h */ = {isa = PBXFileReference; lastKnownFileType = sourcecode.c.h; path = "UIImage+size.h"; sourceTree = "<group>"; };
		A4F9DC1A24D66049009FB2EA /* UIImage+size.m */ = {isa = PBXFileReference; lastKnownFileType = sourcecode.c.objc; path = "UIImage+size.m"; sourceTree = "<group>"; };
		F507112E24E2A6A700AD5306 /* MYPerson.h */ = {isa = PBXFileReference; lastKnownFileType = sourcecode.c.h; path = MYPerson.h; sourceTree = "<group>"; };
		F507112F24E2A6A700AD5306 /* MYPerson.m */ = {isa = PBXFileReference; lastKnownFileType = sourcecode.c.objc; path = MYPerson.m; sourceTree = "<group>"; };
		F507113124E2A6BE00AD5306 /* MYCar.h */ = {isa = PBXFileReference; lastKnownFileType = sourcecode.c.h; path = MYCar.h; sourceTree = "<group>"; };
		F507113224E2A6BE00AD5306 /* MYCar.m */ = {isa = PBXFileReference; lastKnownFileType = sourcecode.c.objc; path = MYCar.m; sourceTree = "<group>"; };
		F507113524E2AB9400AD5306 /* IsEqualViewController.h */ = {isa = PBXFileReference; lastKnownFileType = sourcecode.c.h; path = IsEqualViewController.h; sourceTree = "<group>"; };
		F507113624E2AB9400AD5306 /* IsEqualViewController.m */ = {isa = PBXFileReference; lastKnownFileType = sourcecode.c.objc; path = IsEqualViewController.m; sourceTree = "<group>"; };
		F553E11D24CA800200DA5625 /* TResponderTextView.m */ = {isa = PBXFileReference; fileEncoding = 4; lastKnownFileType = sourcecode.c.objc; path = TResponderTextView.m; sourceTree = "<group>"; };
		F553E11E24CA800200DA5625 /* InputBar.m */ = {isa = PBXFileReference; fileEncoding = 4; lastKnownFileType = sourcecode.c.objc; path = InputBar.m; sourceTree = "<group>"; };
		F553E11F24CA800200DA5625 /* FaceView.m */ = {isa = PBXFileReference; fileEncoding = 4; lastKnownFileType = sourcecode.c.objc; path = FaceView.m; sourceTree = "<group>"; };
		F553E12024CA800200DA5625 /* InputController.h */ = {isa = PBXFileReference; fileEncoding = 4; lastKnownFileType = sourcecode.c.h; path = InputController.h; sourceTree = "<group>"; };
		F553E12124CA800200DA5625 /* TResponderTextView.h */ = {isa = PBXFileReference; fileEncoding = 4; lastKnownFileType = sourcecode.c.h; path = TResponderTextView.h; sourceTree = "<group>"; };
		F553E12224CA800200DA5625 /* InputController.m */ = {isa = PBXFileReference; fileEncoding = 4; lastKnownFileType = sourcecode.c.objc; path = InputController.m; sourceTree = "<group>"; };
		F553E12324CA800200DA5625 /* FaceCell.h */ = {isa = PBXFileReference; fileEncoding = 4; lastKnownFileType = sourcecode.c.h; path = FaceCell.h; sourceTree = "<group>"; };
		F553E12424CA800200DA5625 /* FaceView.h */ = {isa = PBXFileReference; fileEncoding = 4; lastKnownFileType = sourcecode.c.h; path = FaceView.h; sourceTree = "<group>"; };
		F553E12524CA800200DA5625 /* InputBar.h */ = {isa = PBXFileReference; fileEncoding = 4; lastKnownFileType = sourcecode.c.h; path = InputBar.h; sourceTree = "<group>"; };
		F553E12624CA800200DA5625 /* FaceCell.m */ = {isa = PBXFileReference; fileEncoding = 4; lastKnownFileType = sourcecode.c.objc; path = FaceCell.m; sourceTree = "<group>"; };
		F553E14224CA82E600DA5625 /* ChatKitConfig.m */ = {isa = PBXFileReference; fileEncoding = 4; lastKnownFileType = sourcecode.c.objc; path = ChatKitConfig.m; sourceTree = "<group>"; };
		F553E14324CA82E700DA5625 /* ChatKitConfig.h */ = {isa = PBXFileReference; fileEncoding = 4; lastKnownFileType = sourcecode.c.h; path = ChatKitConfig.h; sourceTree = "<group>"; };
		F553E15A24CA842900DA5625 /* ChatHeader.h */ = {isa = PBXFileReference; lastKnownFileType = sourcecode.c.h; path = ChatHeader.h; sourceTree = "<group>"; };
		F553E17924CA86FC00DA5625 /* UIImage+ChatKit.h */ = {isa = PBXFileReference; fileEncoding = 4; lastKnownFileType = sourcecode.c.h; path = "UIImage+ChatKit.h"; sourceTree = "<group>"; };
		F553E17A24CA86FC00DA5625 /* UIImage+ChatKit..m */ = {isa = PBXFileReference; fileEncoding = 4; lastKnownFileType = sourcecode.c.objc; path = "UIImage+ChatKit..m"; sourceTree = "<group>"; };
		F553E17C24CA888700DA5625 /* ChatHelper.m */ = {isa = PBXFileReference; fileEncoding = 4; lastKnownFileType = sourcecode.c.objc; path = ChatHelper.m; sourceTree = "<group>"; };
		F553E17D24CA888700DA5625 /* ChatHelper.h */ = {isa = PBXFileReference; fileEncoding = 4; lastKnownFileType = sourcecode.c.h; path = ChatHelper.h; sourceTree = "<group>"; };
		F553E19424CA8DE200DA5625 /* NSAttributedString+FaceString.m */ = {isa = PBXFileReference; fileEncoding = 4; lastKnownFileType = sourcecode.c.objc; path = "NSAttributedString+FaceString.m"; sourceTree = "<group>"; };
		F553E19524CA8DE200DA5625 /* FaceAttachment.h */ = {isa = PBXFileReference; fileEncoding = 4; lastKnownFileType = sourcecode.c.h; path = FaceAttachment.h; sourceTree = "<group>"; };
		F553E19724CA8DE200DA5625 /* NSAttributedString+FaceString.h */ = {isa = PBXFileReference; fileEncoding = 4; lastKnownFileType = sourcecode.c.h; path = "NSAttributedString+FaceString.h"; sourceTree = "<group>"; };
		F553E19924CA8DE200DA5625 /* FaceAttachment.m */ = {isa = PBXFileReference; fileEncoding = 4; lastKnownFileType = sourcecode.c.objc; path = FaceAttachment.m; sourceTree = "<group>"; };
		F553E19F24CA8F9B00DA5625 /* ChatMessageDataModel.h */ = {isa = PBXFileReference; lastKnownFileType = sourcecode.c.h; path = ChatMessageDataModel.h; sourceTree = "<group>"; };
		F553E1A024CA8F9B00DA5625 /* ChatMessageDataModel.m */ = {isa = PBXFileReference; lastKnownFileType = sourcecode.c.objc; path = ChatMessageDataModel.m; sourceTree = "<group>"; };
		F553E1DF24CAC69F00DA5625 /* ChatMessageCell.h */ = {isa = PBXFileReference; fileEncoding = 4; lastKnownFileType = sourcecode.c.h; path = ChatMessageCell.h; sourceTree = "<group>"; };
		F553E1E024CAC69F00DA5625 /* ChatMessageCell.m */ = {isa = PBXFileReference; fileEncoding = 4; lastKnownFileType = sourcecode.c.objc; path = ChatMessageCell.m; sourceTree = "<group>"; };
		F5668FAC24C6C0B9007D452E /* WCollectionViewController.h */ = {isa = PBXFileReference; lastKnownFileType = sourcecode.c.h; path = WCollectionViewController.h; sourceTree = "<group>"; };
		F5668FAD24C6C0B9007D452E /* WCollectionViewController.m */ = {isa = PBXFileReference; lastKnownFileType = sourcecode.c.objc; path = WCollectionViewController.m; sourceTree = "<group>"; };
		F5668FAF24C6C11C007D452E /* WCollectionViewCell.h */ = {isa = PBXFileReference; lastKnownFileType = sourcecode.c.h; path = WCollectionViewCell.h; sourceTree = "<group>"; };
		F5668FB024C6C11C007D452E /* WCollectionViewCell.m */ = {isa = PBXFileReference; lastKnownFileType = sourcecode.c.objc; path = WCollectionViewCell.m; sourceTree = "<group>"; };
		F5668FB824C6DB69007D452E /* CpuMemoryUsage.h */ = {isa = PBXFileReference; lastKnownFileType = sourcecode.c.h; path = CpuMemoryUsage.h; sourceTree = "<group>"; };
		F5668FB924C6DB69007D452E /* CpuMemoryUsage.m */ = {isa = PBXFileReference; lastKnownFileType = sourcecode.c.objc; path = CpuMemoryUsage.m; sourceTree = "<group>"; };
		F57A6A7524CFCA8400D51E01 /* FaceMessageCell.h */ = {isa = PBXFileReference; lastKnownFileType = sourcecode.c.h; path = FaceMessageCell.h; sourceTree = "<group>"; };
		F57A6A7624CFCA8400D51E01 /* FaceMessageCell.m */ = {isa = PBXFileReference; lastKnownFileType = sourcecode.c.objc; path = FaceMessageCell.m; sourceTree = "<group>"; };
		F57A6A7824CFCA9700D51E01 /* EnterMessageCell.h */ = {isa = PBXFileReference; lastKnownFileType = sourcecode.c.h; path = EnterMessageCell.h; sourceTree = "<group>"; };
		F57A6A7924CFCA9700D51E01 /* EnterMessageCell.m */ = {isa = PBXFileReference; lastKnownFileType = sourcecode.c.objc; path = EnterMessageCell.m; sourceTree = "<group>"; };
		F57B529E24C7DECF00940696 /* ChatViewController.h */ = {isa = PBXFileReference; lastKnownFileType = sourcecode.c.h; path = ChatViewController.h; sourceTree = "<group>"; };
		F57B529F24C7DECF00940696 /* ChatViewController.m */ = {isa = PBXFileReference; lastKnownFileType = sourcecode.c.objc; path = ChatViewController.m; sourceTree = "<group>"; };
		F57B52A124C7DF2700940696 /* ChatController.h */ = {isa = PBXFileReference; lastKnownFileType = sourcecode.c.h; path = ChatController.h; sourceTree = "<group>"; };
		F57B52A224C7DF2700940696 /* ChatController.m */ = {isa = PBXFileReference; lastKnownFileType = sourcecode.c.objc; path = ChatController.m; sourceTree = "<group>"; };
		F5C7261624E1257F00B16639 /* ListModel.h */ = {isa = PBXFileReference; lastKnownFileType = sourcecode.c.h; path = ListModel.h; sourceTree = "<group>"; };
		F5C7261724E1257F00B16639 /* ListModel.m */ = {isa = PBXFileReference; lastKnownFileType = sourcecode.c.objc; path = ListModel.m; sourceTree = "<group>"; };
		F5C7261924E1317B00B16639 /* ListModelCell.h */ = {isa = PBXFileReference; lastKnownFileType = sourcecode.c.h; path = ListModelCell.h; sourceTree = "<group>"; };
		F5C7261A24E1317B00B16639 /* ListModelCell.m */ = {isa = PBXFileReference; lastKnownFileType = sourcecode.c.objc; path = ListModelCell.m; sourceTree = "<group>"; };
		F5D0FBFD24E0E6CB00CAADF8 /* AttributedTextViewController.h */ = {isa = PBXFileReference; fileEncoding = 4; lastKnownFileType = sourcecode.c.h; path = AttributedTextViewController.h; sourceTree = "<group>"; };
		F5D0FBFE24E0E6CB00CAADF8 /* AttributedTextViewController.m */ = {isa = PBXFileReference; fileEncoding = 4; lastKnownFileType = sourcecode.c.objc; path = AttributedTextViewController.m; sourceTree = "<group>"; };
		F5D0FC0024E0E70400CAADF8 /* MaskViewController.h */ = {isa = PBXFileReference; fileEncoding = 4; lastKnownFileType = sourcecode.c.h; path = MaskViewController.h; sourceTree = "<group>"; };
		F5D0FC0124E0E70500CAADF8 /* MaskViewController.m */ = {isa = PBXFileReference; fileEncoding = 4; lastKnownFileType = sourcecode.c.objc; path = MaskViewController.m; sourceTree = "<group>"; };
		F5D0FC0524E0F91800CAADF8 /* UIColor+TUIDarkMode.m */ = {isa = PBXFileReference; fileEncoding = 4; lastKnownFileType = sourcecode.c.objc; path = "UIColor+TUIDarkMode.m"; sourceTree = "<group>"; };
		F5D0FC0624E0F91800CAADF8 /* UIImage+TUIDarkMode.m */ = {isa = PBXFileReference; fileEncoding = 4; lastKnownFileType = sourcecode.c.objc; path = "UIImage+TUIDarkMode.m"; sourceTree = "<group>"; };
		F5D0FC0724E0F91800CAADF8 /* UIImage+TUIDarkMode.h */ = {isa = PBXFileReference; fileEncoding = 4; lastKnownFileType = sourcecode.c.h; path = "UIImage+TUIDarkMode.h"; sourceTree = "<group>"; };
		F5D0FC0824E0F91800CAADF8 /* UIColor+TUIDarkMode.h */ = {isa = PBXFileReference; fileEncoding = 4; lastKnownFileType = sourcecode.c.h; path = "UIColor+TUIDarkMode.h"; sourceTree = "<group>"; };
		F5D0FC0B24E0F99700CAADF8 /* UIImage+TUIKIT.h */ = {isa = PBXFileReference; fileEncoding = 4; lastKnownFileType = sourcecode.c.h; path = "UIImage+TUIKIT.h"; sourceTree = "<group>"; };
		F5D0FC0C24E0F99700CAADF8 /* UIImage+TUIKIT.m */ = {isa = PBXFileReference; fileEncoding = 4; lastKnownFileType = sourcecode.c.objc; path = "UIImage+TUIKIT.m"; sourceTree = "<group>"; };
		F5D0FC0E24E0FA5900CAADF8 /* THeader.h */ = {isa = PBXFileReference; lastKnownFileType = sourcecode.c.h; path = THeader.h; sourceTree = "<group>"; };
		F5DEB2A424CE7E4B009A6767 /* ChatMemberListView.h */ = {isa = PBXFileReference; lastKnownFileType = sourcecode.c.h; path = ChatMemberListView.h; sourceTree = "<group>"; };
		F5DEB2A524CE7E4B009A6767 /* ChatMemberListView.m */ = {isa = PBXFileReference; lastKnownFileType = sourcecode.c.objc; path = ChatMemberListView.m; sourceTree = "<group>"; };
		F5DEB2A724CE7FA0009A6767 /* ChatMemberListCell.h */ = {isa = PBXFileReference; lastKnownFileType = sourcecode.c.h; path = ChatMemberListCell.h; sourceTree = "<group>"; };
		F5DEB2A824CE7FA0009A6767 /* ChatMemberListCell.m */ = {isa = PBXFileReference; lastKnownFileType = sourcecode.c.objc; path = ChatMemberListCell.m; sourceTree = "<group>"; };
		F5DEB32724CEBB66009A6767 /* MessageController.m */ = {isa = PBXFileReference; fileEncoding = 4; lastKnownFileType = sourcecode.c.objc; path = MessageController.m; sourceTree = "<group>"; };
		F5DEB32824CEBB66009A6767 /* MessageController.h */ = {isa = PBXFileReference; fileEncoding = 4; lastKnownFileType = sourcecode.c.h; path = MessageController.h; sourceTree = "<group>"; };
		F5DEB32E24CEF5E3009A6767 /* NoInputBar.h */ = {isa = PBXFileReference; lastKnownFileType = sourcecode.c.h; path = NoInputBar.h; sourceTree = "<group>"; };
		F5DEB32F24CEF5E3009A6767 /* NoInputBar.m */ = {isa = PBXFileReference; lastKnownFileType = sourcecode.c.objc; path = NoInputBar.m; sourceTree = "<group>"; };
		F5F3664724C8287B008BA221 /* ChatKit.h */ = {isa = PBXFileReference; fileEncoding = 4; lastKnownFileType = sourcecode.c.h; path = ChatKit.h; sourceTree = "<group>"; };
		F5F3664824C8287C008BA221 /* ChatKit.m */ = {isa = PBXFileReference; fileEncoding = 4; lastKnownFileType = sourcecode.c.objc; path = ChatKit.m; sourceTree = "<group>"; };
		F5F3665024C82AB9008BA221 /* ChatKitFace.bundle */ = {isa = PBXFileReference; lastKnownFileType = "wrapper.plug-in"; path = ChatKitFace.bundle; sourceTree = "<group>"; };
		F5F3665124C82ABE008BA221 /* ChatKitResource.bundle */ = {isa = PBXFileReference; lastKnownFileType = "wrapper.plug-in"; path = ChatKitResource.bundle; sourceTree = "<group>"; };
		F5F3665424C82E5B008BA221 /* ChatImageCache.h */ = {isa = PBXFileReference; fileEncoding = 4; lastKnownFileType = sourcecode.c.h; path = ChatImageCache.h; sourceTree = "<group>"; };
		F5F3665524C82E5C008BA221 /* ChatImageCache.m */ = {isa = PBXFileReference; fileEncoding = 4; lastKnownFileType = sourcecode.c.objc; path = ChatImageCache.m; sourceTree = "<group>"; };
		F5F4F10124D3C158007DB7F3 /* YYViewController.h */ = {isa = PBXFileReference; lastKnownFileType = sourcecode.c.h; path = YYViewController.h; sourceTree = "<group>"; };
		F5F4F10224D3C158007DB7F3 /* YYViewController.m */ = {isa = PBXFileReference; lastKnownFileType = sourcecode.c.objc; path = YYViewController.m; sourceTree = "<group>"; };
		F5F4F10724D40311007DB7F3 /* TipMessageCell.m */ = {isa = PBXFileReference; fileEncoding = 4; lastKnownFileType = sourcecode.c.objc; path = TipMessageCell.m; sourceTree = "<group>"; };
		F5F4F10824D40311007DB7F3 /* TipMessageCell.h */ = {isa = PBXFileReference; fileEncoding = 4; lastKnownFileType = sourcecode.c.h; path = TipMessageCell.h; sourceTree = "<group>"; };
		F5F4F10A24D4081A007DB7F3 /* ChatMessageYYDataModel.h */ = {isa = PBXFileReference; lastKnownFileType = sourcecode.c.h; path = ChatMessageYYDataModel.h; sourceTree = "<group>"; };
		F5F4F10B24D4081A007DB7F3 /* ChatMessageYYDataModel.m */ = {isa = PBXFileReference; lastKnownFileType = sourcecode.c.objc; path = ChatMessageYYDataModel.m; sourceTree = "<group>"; };
		FBDBA0D4EFFC9C6F87B1E8B6 /* Pods-WDEMO.debug.xcconfig */ = {isa = PBXFileReference; includeInIndex = 1; lastKnownFileType = text.xcconfig; name = "Pods-WDEMO.debug.xcconfig"; path = "Target Support Files/Pods-WDEMO/Pods-WDEMO.debug.xcconfig"; sourceTree = "<group>"; };
/* End PBXFileReference section */

/* Begin PBXFrameworksBuildPhase section */
		673AE9461FC810560002D304 /* Frameworks */ = {
			isa = PBXFrameworksBuildPhase;
			buildActionMask = 2147483647;
			files = (
				673AE94A1FC810560002D304 /* NotificationCenter.framework in Frameworks */,
			);
			runOnlyForDeploymentPostprocessing = 0;
		};
		6783C84B1FB941EE0040C02B /* Frameworks */ = {
			isa = PBXFrameworksBuildPhase;
			buildActionMask = 2147483647;
			files = (
				3B8BF4D1B2A087637C1E6D6C /* libPods-WDEMO.a in Frameworks */,
			);
			runOnlyForDeploymentPostprocessing = 0;
		};
		6783C8631FB941EE0040C02B /* Frameworks */ = {
			isa = PBXFrameworksBuildPhase;
			buildActionMask = 2147483647;
			files = (
			);
			runOnlyForDeploymentPostprocessing = 0;
		};
		6783C86E1FB941EE0040C02B /* Frameworks */ = {
			isa = PBXFrameworksBuildPhase;
			buildActionMask = 2147483647;
			files = (
			);
			runOnlyForDeploymentPostprocessing = 0;
		};
/* End PBXFrameworksBuildPhase section */

/* Begin PBXGroup section */
		40658A238EB812C808494065 /* Pods */ = {
			isa = PBXGroup;
			children = (
				FBDBA0D4EFFC9C6F87B1E8B6 /* Pods-WDEMO.debug.xcconfig */,
				6F661C06B03CAE44D97A8656 /* Pods-WDEMO.release.xcconfig */,
			);
			path = Pods;
			sourceTree = "<group>";
		};
		67303347210AED2F001471D8 /* CenterBar */ = {
			isa = PBXGroup;
			children = (
				67303349210AED3C001471D8 /* PersonalCenterBar.h */,
				6730334A210AED3C001471D8 /* PersonalCenterBar.m */,
				6730334B210AED3C001471D8 /* PersonalCenterBarBtn.h */,
				67303348210AED3C001471D8 /* PersonalCenterBarBtn.m */,
				679FEC5D210AF53B00FF4972 /* RoundedSegmentedControl.h */,
				679FEC5C210AF53A00FF4972 /* RoundedSegmentedControl.m */,
			);
			path = CenterBar;
			sourceTree = "<group>";
		};
		673AE91F1FC7F1A50002D304 /* 3DTouch */ = {
			isa = PBXGroup;
			children = (
				673AE9231FC7F5BD0002D304 /* ForceTouchListVC.h */,
				673AE9241FC7F5BD0002D304 /* ForceTouchListVC.m */,
				673AE9291FC7F5E90002D304 /* ForceTouchDetailVC.h */,
				673AE92A1FC7F5E90002D304 /* ForceTouchDetailVC.m */,
			);
			path = 3DTouch;
			sourceTree = "<group>";
		};
		673AE9311FC80E8A0002D304 /* Frameworks */ = {
			isa = PBXGroup;
			children = (
				673AE9321FC80E8A0002D304 /* NotificationCenter.framework */,
				40B5BC0730FFB7F76306A580 /* libPods-WDEMO.a */,
			);
			name = Frameworks;
			sourceTree = "<group>";
		};
		673AE94B1FC810560002D304 /* Widget */ = {
			isa = PBXGroup;
			children = (
				673AE94C1FC810560002D304 /* TodayViewController.h */,
				673AE94D1FC810560002D304 /* TodayViewController.m */,
				673AE94F1FC810560002D304 /* MainInterface.storyboard */,
				673AE9521FC810560002D304 /* Info.plist */,
			);
			path = Widget;
			sourceTree = "<group>";
		};
		67535E6A2390B8DF0009F882 /* 字体 */ = {
			isa = PBXGroup;
			children = (
				67535E6E2390BC9B0009F882 /* 方正粗谭黑简体.ttf */,
				67535E872390F0CF0009F882 /* FontViewControlle.h */,
				67535E882390F0CF0009F882 /* FontViewControlle.m */,
			);
			path = "字体";
			sourceTree = "<group>";
		};
		67535E6C2390B8DF0009F882 /* 语言包 */ = {
			isa = PBXGroup;
			children = (
				67535E702390C2920009F882 /* FGLanguageTool.h */,
				67535E712390C2920009F882 /* FGLanguageTool.m */,
			);
			path = "语言包";
			sourceTree = "<group>";
		};
		675852A5231D211000C5CF7E /* WTableView */ = {
			isa = PBXGroup;
			children = (
				675852A6231D21A700C5CF7E /* WTableViewController.h */,
				675852A7231D21A700C5CF7E /* WTableViewController.m */,
				675852A9231D23F700C5CF7E /* WTableViewCell.h */,
				675852AA231D23F700C5CF7E /* WTableViewCell.m */,
			);
			path = WTableView;
			sourceTree = "<group>";
		};
		6783C8451FB941EE0040C02B = {
			isa = PBXGroup;
			children = (
				6783C8501FB941EE0040C02B /* WDEMO */,
				6783C8691FB941EE0040C02B /* WDEMOTests */,
				6783C8741FB941EE0040C02B /* WDEMOUITests */,
				673AE94B1FC810560002D304 /* Widget */,
				673AE9311FC80E8A0002D304 /* Frameworks */,
				6783C84F1FB941EE0040C02B /* Products */,
				40658A238EB812C808494065 /* Pods */,
			);
			sourceTree = "<group>";
		};
		6783C84F1FB941EE0040C02B /* Products */ = {
			isa = PBXGroup;
			children = (
				6783C84E1FB941EE0040C02B /* WDEMO.app */,
				6783C8661FB941EE0040C02B /* WDEMOTests.xctest */,
				6783C8711FB941EE0040C02B /* WDEMOUITests.xctest */,
				673AE9491FC810560002D304 /* Widget.appex */,
			);
			name = Products;
			sourceTree = "<group>";
		};
		6783C8501FB941EE0040C02B /* WDEMO */ = {
			isa = PBXGroup;
			children = (
				F507113424E2AA6D00AD5306 /* 判断对象是否相等 */,
				F5C7261524E1252B00B16639 /* 列表Model */,
				F5D0FC0324E0F7DB00CAADF8 /* 暗黑模式 */,
				F5D0FBFC24E0E6A300CAADF8 /* Mask */,
				F5D0FBFB24E0E65500CAADF8 /* 富文本 */,
				F5F4F10024D3BF23007DB7F3 /* YY */,
				F57B529D24C7DEB100940696 /* Chat */,
				F5668FB424C6D818007D452E /* CPU */,
				A459C28824C1642B00A3B5FF /* Crash */,
				A479987D24BAB2A80079F72D /* CollectionView */,
				A4F2C08D24B97F27005922B1 /* TagLIst */,
				67535E6C2390B8DF0009F882 /* 语言包 */,
				67535E6A2390B8DF0009F882 /* 字体 */,
				67B7E5F12321185A00C494EF /* PassValue */,
				67AB47F6231E07C200C837BB /* AlertController */,
				67303347210AED2F001471D8 /* CenterBar */,
				673AE91F1FC7F1A50002D304 /* 3DTouch */,
				6783C8831FB944B80040C02B /* WCollectionView */,
				675852A5231D211000C5CF7E /* WTableView */,
				6783C8511FB941EE0040C02B /* AppDelegate.h */,
				6783C8521FB941EE0040C02B /* AppDelegate.m */,
				6783C8541FB941EE0040C02B /* ViewController.h */,
				6783C8551FB941EE0040C02B /* ViewController.m */,
				F5C7261924E1317B00B16639 /* ListModelCell.h */,
				F5C7261A24E1317B00B16639 /* ListModelCell.m */,
				6783C8571FB941EE0040C02B /* Main.storyboard */,
				6783C85A1FB941EE0040C02B /* Assets.xcassets */,
				6783C85C1FB941EE0040C02B /* LaunchScreen.storyboard */,
				6783C85F1FB941EE0040C02B /* Info.plist */,
				6783C8601FB941EE0040C02B /* main.m */,
				677BADCD1FC40D4E00E7A3FF /* WMacros.h */,
				677BADD41FC4128900E7A3FF /* WEnums.h */,
				677BADD51FC412A700E7A3FF /* WConstants.h */,
				677BADD61FC412A700E7A3FF /* WConstants.m */,
				67535E832390C6560009F882 /* InfoPlist.strings */,
				A459C29224C174A300A3B5FF /* Plist.h */,
				A459C29324C174A300A3B5FF /* Plist.m */,
				A4F9DC1924D66049009FB2EA /* UIImage+size.h */,
				A4F9DC1A24D66049009FB2EA /* UIImage+size.m */,
			);
			path = WDEMO;
			sourceTree = "<group>";
		};
		6783C8691FB941EE0040C02B /* WDEMOTests */ = {
			isa = PBXGroup;
			children = (
				6783C86A1FB941EE0040C02B /* WDEMOTests.m */,
				6783C86C1FB941EE0040C02B /* Info.plist */,
			);
			path = WDEMOTests;
			sourceTree = "<group>";
		};
		6783C8741FB941EE0040C02B /* WDEMOUITests */ = {
			isa = PBXGroup;
			children = (
				6783C8751FB941EE0040C02B /* WDEMOUITests.m */,
				6783C8771FB941EE0040C02B /* Info.plist */,
			);
			path = WDEMOUITests;
			sourceTree = "<group>";
		};
		6783C8831FB944B80040C02B /* WCollectionView */ = {
			isa = PBXGroup;
			children = (
				6783C8861FB944B80040C02B /* LZTagListVC.h */,
				6783C8871FB944B80040C02B /* LZTagListVC.m */,
				6783C8881FB944B80040C02B /* LZTagListView.h */,
				6783C8891FB944B80040C02B /* LZTagListView.m */,
				6783C8841FB944B80040C02B /* LZTagListCell.h */,
				6783C8851FB944B80040C02B /* LZTagListCell.m */,
				6783C88A1FB944B80040C02B /* LZTagSegmentedControl.h */,
				6783C88B1FB944B80040C02B /* LZTagSegmentedControl.m */,
				6783C88C1FB944B80040C02B /* CustomLayout.h */,
				6783C88D1FB944B80040C02B /* CustomLayout.m */,
				6783C88E1FB944B80040C02B /* WaterFlowLayout.h */,
				6783C88F1FB944B80040C02B /* WaterFlowLayout.m */,
				F5668FAC24C6C0B9007D452E /* WCollectionViewController.h */,
				F5668FAD24C6C0B9007D452E /* WCollectionViewController.m */,
				F5668FAF24C6C11C007D452E /* WCollectionViewCell.h */,
				F5668FB024C6C11C007D452E /* WCollectionViewCell.m */,
			);
			path = WCollectionView;
			sourceTree = "<group>";
		};
		67AB47F6231E07C200C837BB /* AlertController */ = {
			isa = PBXGroup;
			children = (
				67AB47F7231E07D100C837BB /* AlterViewController.h */,
				67AB47F8231E07D100C837BB /* AlterViewController.m */,
			);
			path = AlertController;
			sourceTree = "<group>";
		};
		67B7E5F12321185A00C494EF /* PassValue */ = {
			isa = PBXGroup;
			children = (
				67B7E5F22321187E00C494EF /* PassValueViewController.h */,
				67B7E5F32321187E00C494EF /* PassValueViewController.m */,
				67B7E5F52321189E00C494EF /* DelegateViewController.h */,
				67B7E5F62321189E00C494EF /* DelegateViewController.m */,
				67B7E5F8232118A900C494EF /* BlockViewController.h */,
				67B7E5F9232118A900C494EF /* BlockViewController.m */,
				67B7E5FB232118B800C494EF /* NotificationViewController.h */,
				67B7E5FC232118B800C494EF /* NotificationViewController.m */,
			);
			path = PassValue;
			sourceTree = "<group>";
		};
		A459C28824C1642B00A3B5FF /* Crash */ = {
			isa = PBXGroup;
			children = (
				A459C28F24C16ADE00A3B5FF /* CJAppUncaughtExceptionHandler.h */,
				A459C29024C16ADE00A3B5FF /* CJAppUncaughtExceptionHandler.m */,
			);
			path = Crash;
			sourceTree = "<group>";
		};
		A479987D24BAB2A80079F72D /* CollectionView */ = {
			isa = PBXGroup;
			children = (
				A479987E24BAB2FA0079F72D /* GaoDengViewController.h */,
				A479987F24BAB2FA0079F72D /* GaoDengViewController.m */,
				A479988A24BAC0E20079F72D /* SmallCollectionView.h */,
				A479988B24BAC0E20079F72D /* SmallCollectionView.m */,
				A479988D24BAE2EF0079F72D /* BigCollectionView.h */,
				A479988E24BAE2EF0079F72D /* BigCollectionView.m */,
				A479989024BAEBCE0079F72D /* SmallBigCollectionViewCell.h */,
				A479989124BAEBCE0079F72D /* SmallBigCollectionViewCell.m */,
			);
			path = CollectionView;
			sourceTree = "<group>";
		};
		A4F2C08D24B97F27005922B1 /* TagLIst */ = {
			isa = PBXGroup;
			children = (
				A4F2C08E24B97F5E005922B1 /* TagListViewController.h */,
				A4F2C08F24B97F5E005922B1 /* TagListViewController.m */,
				A4F2C09124B97F9B005922B1 /* TagListCell.h */,
				A4F2C09324B97F9B005922B1 /* TagListCell.m */,
				A4F2C09224B97F9B005922B1 /* TagListView.h */,
				A4F2C09524B97F9B005922B1 /* TagListView.m */,
				A4F2C09424B97F9B005922B1 /* TagSegmentedControl.h */,
				A4F2C09624B97F9B005922B1 /* TagSegmentedControl.m */,
				A4F2C09E24B97FD4005922B1 /* ViewController1.h */,
				A4F2C09A24B97FD4005922B1 /* ViewController1.m */,
				A4F2C09F24B97FD5005922B1 /* ViewController2.h */,
				A4F2C09B24B97FD4005922B1 /* ViewController2.m */,
				A4F2C09D24B97FD4005922B1 /* ViewController3.h */,
				A4F2C09C24B97FD4005922B1 /* ViewController3.m */,
			);
			path = TagLIst;
			sourceTree = "<group>";
		};
		F507113424E2AA6D00AD5306 /* 判断对象是否相等 */ = {
			isa = PBXGroup;
			children = (
				F507112E24E2A6A700AD5306 /* MYPerson.h */,
				F507112F24E2A6A700AD5306 /* MYPerson.m */,
				F507113124E2A6BE00AD5306 /* MYCar.h */,
				F507113224E2A6BE00AD5306 /* MYCar.m */,
				F507113524E2AB9400AD5306 /* IsEqualViewController.h */,
				F507113624E2AB9400AD5306 /* IsEqualViewController.m */,
			);
			path = "判断对象是否相等";
			sourceTree = "<group>";
		};
		F553E18C24CA8D1100DA5625 /* Face */ = {
			isa = PBXGroup;
			children = (
				F553E19524CA8DE200DA5625 /* FaceAttachment.h */,
				F553E19924CA8DE200DA5625 /* FaceAttachment.m */,
				F553E19724CA8DE200DA5625 /* NSAttributedString+FaceString.h */,
				F553E19424CA8DE200DA5625 /* NSAttributedString+FaceString.m */,
			);
			path = Face;
			sourceTree = "<group>";
		};
		F553E1A224CA938300DA5625 /* VC */ = {
			isa = PBXGroup;
			children = (
				F553E1DF24CAC69F00DA5625 /* ChatMessageCell.h */,
				F553E1E024CAC69F00DA5625 /* ChatMessageCell.m */,
				F5F4F10824D40311007DB7F3 /* TipMessageCell.h */,
				F5F4F10724D40311007DB7F3 /* TipMessageCell.m */,
				F57A6A7824CFCA9700D51E01 /* EnterMessageCell.h */,
				F57A6A7924CFCA9700D51E01 /* EnterMessageCell.m */,
				F57A6A7524CFCA8400D51E01 /* FaceMessageCell.h */,
				F57A6A7624CFCA8400D51E01 /* FaceMessageCell.m */,
				F57B529E24C7DECF00940696 /* ChatViewController.h */,
				F57B529F24C7DECF00940696 /* ChatViewController.m */,
				F57B52A124C7DF2700940696 /* ChatController.h */,
				F57B52A224C7DF2700940696 /* ChatController.m */,
				F5DEB32824CEBB66009A6767 /* MessageController.h */,
				F5DEB32724CEBB66009A6767 /* MessageController.m */,
				F5DEB2A424CE7E4B009A6767 /* ChatMemberListView.h */,
				F5DEB2A524CE7E4B009A6767 /* ChatMemberListView.m */,
				F5DEB2A724CE7FA0009A6767 /* ChatMemberListCell.h */,
				F5DEB2A824CE7FA0009A6767 /* ChatMemberListCell.m */,
			);
			path = VC;
			sourceTree = "<group>";
		};
		F5668FB424C6D818007D452E /* CPU */ = {
			isa = PBXGroup;
			children = (
				F5668FB824C6DB69007D452E /* CpuMemoryUsage.h */,
				F5668FB924C6DB69007D452E /* CpuMemoryUsage.m */,
			);
			path = CPU;
			sourceTree = "<group>";
		};
		F57B529D24C7DEB100940696 /* Chat */ = {
			isa = PBXGroup;
			children = (
				F5DEB2A324CE76B6009A6767 /* Kit */,
				F5DEB2A224CE7667009A6767 /* Model */,
				F57B52AE24C7E86F00940696 /* Input */,
				F553E1A224CA938300DA5625 /* VC */,
				F553E18C24CA8D1100DA5625 /* Face */,
			);
			path = Chat;
			sourceTree = "<group>";
		};
		F57B52AE24C7E86F00940696 /* Input */ = {
			isa = PBXGroup;
			children = (
				F5F3665024C82AB9008BA221 /* ChatKitFace.bundle */,
				F5F3665124C82ABE008BA221 /* ChatKitResource.bundle */,
				F553E12324CA800200DA5625 /* FaceCell.h */,
				F553E12624CA800200DA5625 /* FaceCell.m */,
				F553E12424CA800200DA5625 /* FaceView.h */,
				F553E11F24CA800200DA5625 /* FaceView.m */,
				F553E12524CA800200DA5625 /* InputBar.h */,
				F553E11E24CA800200DA5625 /* InputBar.m */,
				F5DEB32E24CEF5E3009A6767 /* NoInputBar.h */,
				F5DEB32F24CEF5E3009A6767 /* NoInputBar.m */,
				F553E12024CA800200DA5625 /* InputController.h */,
				F553E12224CA800200DA5625 /* InputController.m */,
				F553E12124CA800200DA5625 /* TResponderTextView.h */,
				F553E11D24CA800200DA5625 /* TResponderTextView.m */,
			);
			path = Input;
			sourceTree = "<group>";
		};
		F5C7261524E1252B00B16639 /* 列表Model */ = {
			isa = PBXGroup;
			children = (
				F5C7261624E1257F00B16639 /* ListModel.h */,
				F5C7261724E1257F00B16639 /* ListModel.m */,
			);
			path = "列表Model";
			sourceTree = "<group>";
		};
		F5D0FBFB24E0E65500CAADF8 /* 富文本 */ = {
			isa = PBXGroup;
			children = (
				F5D0FBFD24E0E6CB00CAADF8 /* AttributedTextViewController.h */,
				F5D0FBFE24E0E6CB00CAADF8 /* AttributedTextViewController.m */,
			);
			path = "富文本";
			sourceTree = "<group>";
		};
		F5D0FBFC24E0E6A300CAADF8 /* Mask */ = {
			isa = PBXGroup;
			children = (
				F5D0FC0024E0E70400CAADF8 /* MaskViewController.h */,
				F5D0FC0124E0E70500CAADF8 /* MaskViewController.m */,
			);
			path = Mask;
			sourceTree = "<group>";
		};
		F5D0FC0324E0F7DB00CAADF8 /* 暗黑模式 */ = {
			isa = PBXGroup;
			children = (
				F5D0FC0E24E0FA5900CAADF8 /* THeader.h */,
				F5D0FC0B24E0F99700CAADF8 /* UIImage+TUIKIT.h */,
				F5D0FC0C24E0F99700CAADF8 /* UIImage+TUIKIT.m */,
				F5D0FC0424E0F91800CAADF8 /* Theme */,
			);
			path = "暗黑模式";
			sourceTree = "<group>";
		};
		F5D0FC0424E0F91800CAADF8 /* Theme */ = {
			isa = PBXGroup;
			children = (
				F5D0FC0824E0F91800CAADF8 /* UIColor+TUIDarkMode.h */,
				F5D0FC0524E0F91800CAADF8 /* UIColor+TUIDarkMode.m */,
				F5D0FC0724E0F91800CAADF8 /* UIImage+TUIDarkMode.h */,
				F5D0FC0624E0F91800CAADF8 /* UIImage+TUIDarkMode.m */,
			);
			path = Theme;
			sourceTree = "<group>";
		};
		F5DEB2A224CE7667009A6767 /* Model */ = {
			isa = PBXGroup;
			children = (
				F553E19F24CA8F9B00DA5625 /* ChatMessageDataModel.h */,
				F553E1A024CA8F9B00DA5625 /* ChatMessageDataModel.m */,
				F5F4F10A24D4081A007DB7F3 /* ChatMessageYYDataModel.h */,
				F5F4F10B24D4081A007DB7F3 /* ChatMessageYYDataModel.m */,
			);
			path = Model;
			sourceTree = "<group>";
		};
		F5DEB2A324CE76B6009A6767 /* Kit */ = {
			isa = PBXGroup;
			children = (
				F553E15A24CA842900DA5625 /* ChatHeader.h */,
				F5F3664724C8287B008BA221 /* ChatKit.h */,
				F5F3664824C8287C008BA221 /* ChatKit.m */,
				F553E14324CA82E700DA5625 /* ChatKitConfig.h */,
				F553E14224CA82E600DA5625 /* ChatKitConfig.m */,
				F5F3665424C82E5B008BA221 /* ChatImageCache.h */,
				F5F3665524C82E5C008BA221 /* ChatImageCache.m */,
				F553E17D24CA888700DA5625 /* ChatHelper.h */,
				F553E17C24CA888700DA5625 /* ChatHelper.m */,
				F553E17924CA86FC00DA5625 /* UIImage+ChatKit.h */,
				F553E17A24CA86FC00DA5625 /* UIImage+ChatKit..m */,
			);
			path = Kit;
			sourceTree = "<group>";
		};
		F5F4F10024D3BF23007DB7F3 /* YY */ = {
			isa = PBXGroup;
			children = (
				F5F4F10124D3C158007DB7F3 /* YYViewController.h */,
				F5F4F10224D3C158007DB7F3 /* YYViewController.m */,
			);
			path = YY;
			sourceTree = "<group>";
		};
/* End PBXGroup section */

/* Begin PBXNativeTarget section */
		673AE9481FC810560002D304 /* Widget */ = {
			isa = PBXNativeTarget;
			buildConfigurationList = 673AE9561FC810560002D304 /* Build configuration list for PBXNativeTarget "Widget" */;
			buildPhases = (
				673AE9451FC810560002D304 /* Sources */,
				673AE9461FC810560002D304 /* Frameworks */,
				673AE9471FC810560002D304 /* Resources */,
			);
			buildRules = (
			);
			dependencies = (
			);
			name = Widget;
			productName = Widget;
			productReference = 673AE9491FC810560002D304 /* Widget.appex */;
			productType = "com.apple.product-type.app-extension";
		};
		6783C84D1FB941EE0040C02B /* WDEMO */ = {
			isa = PBXNativeTarget;
			buildConfigurationList = 6783C87A1FB941EE0040C02B /* Build configuration list for PBXNativeTarget "WDEMO" */;
			buildPhases = (
				ED45FB124EF7F88A29B58D16 /* [CP] Check Pods Manifest.lock */,
				6783C84A1FB941EE0040C02B /* Sources */,
				6783C84B1FB941EE0040C02B /* Frameworks */,
				6783C84C1FB941EE0040C02B /* Resources */,
				673AE9421FC80E8A0002D304 /* Embed App Extensions */,
				1CB1182850D105B4CAD638F2 /* [CP] Copy Pods Resources */,
			);
			buildRules = (
			);
			dependencies = (
				673AE9541FC810560002D304 /* PBXTargetDependency */,
			);
			name = WDEMO;
			productName = WDEMO;
			productReference = 6783C84E1FB941EE0040C02B /* WDEMO.app */;
			productType = "com.apple.product-type.application";
		};
		6783C8651FB941EE0040C02B /* WDEMOTests */ = {
			isa = PBXNativeTarget;
			buildConfigurationList = 6783C87D1FB941EE0040C02B /* Build configuration list for PBXNativeTarget "WDEMOTests" */;
			buildPhases = (
				6783C8621FB941EE0040C02B /* Sources */,
				6783C8631FB941EE0040C02B /* Frameworks */,
				6783C8641FB941EE0040C02B /* Resources */,
			);
			buildRules = (
			);
			dependencies = (
				6783C8681FB941EE0040C02B /* PBXTargetDependency */,
			);
			name = WDEMOTests;
			productName = WDEMOTests;
			productReference = 6783C8661FB941EE0040C02B /* WDEMOTests.xctest */;
			productType = "com.apple.product-type.bundle.unit-test";
		};
		6783C8701FB941EE0040C02B /* WDEMOUITests */ = {
			isa = PBXNativeTarget;
			buildConfigurationList = 6783C8801FB941EE0040C02B /* Build configuration list for PBXNativeTarget "WDEMOUITests" */;
			buildPhases = (
				6783C86D1FB941EE0040C02B /* Sources */,
				6783C86E1FB941EE0040C02B /* Frameworks */,
				6783C86F1FB941EE0040C02B /* Resources */,
			);
			buildRules = (
			);
			dependencies = (
				6783C8731FB941EE0040C02B /* PBXTargetDependency */,
			);
			name = WDEMOUITests;
			productName = WDEMOUITests;
			productReference = 6783C8711FB941EE0040C02B /* WDEMOUITests.xctest */;
			productType = "com.apple.product-type.bundle.ui-testing";
		};
/* End PBXNativeTarget section */

/* Begin PBXProject section */
		6783C8461FB941EE0040C02B /* Project object */ = {
			isa = PBXProject;
			attributes = {
				LastUpgradeCheck = 0900;
				ORGANIZATIONNAME = wwc;
				TargetAttributes = {
					673AE9481FC810560002D304 = {
						CreatedOnToolsVersion = 9.0.1;
						ProvisioningStyle = Automatic;
					};
					6783C84D1FB941EE0040C02B = {
						CreatedOnToolsVersion = 9.0.1;
						ProvisioningStyle = Automatic;
					};
					6783C8651FB941EE0040C02B = {
						CreatedOnToolsVersion = 9.0.1;
						ProvisioningStyle = Automatic;
						TestTargetID = 6783C84D1FB941EE0040C02B;
					};
					6783C8701FB941EE0040C02B = {
						CreatedOnToolsVersion = 9.0.1;
						ProvisioningStyle = Automatic;
						TestTargetID = 6783C84D1FB941EE0040C02B;
					};
				};
			};
			buildConfigurationList = 6783C8491FB941EE0040C02B /* Build configuration list for PBXProject "WDEMO" */;
			compatibilityVersion = "Xcode 8.0";
			developmentRegion = en;
			hasScannedForEncodings = 0;
			knownRegions = (
				en,
				Base,
				"zh-Hant",
				"zh-Hans",
			);
			mainGroup = 6783C8451FB941EE0040C02B;
			productRefGroup = 6783C84F1FB941EE0040C02B /* Products */;
			projectDirPath = "";
			projectRoot = "";
			targets = (
				6783C84D1FB941EE0040C02B /* WDEMO */,
				6783C8651FB941EE0040C02B /* WDEMOTests */,
				6783C8701FB941EE0040C02B /* WDEMOUITests */,
				673AE9481FC810560002D304 /* Widget */,
			);
		};
/* End PBXProject section */

/* Begin PBXResourcesBuildPhase section */
		673AE9471FC810560002D304 /* Resources */ = {
			isa = PBXResourcesBuildPhase;
			buildActionMask = 2147483647;
			files = (
				673AE9511FC810560002D304 /* MainInterface.storyboard in Resources */,
			);
			runOnlyForDeploymentPostprocessing = 0;
		};
		6783C84C1FB941EE0040C02B /* Resources */ = {
			isa = PBXResourcesBuildPhase;
			buildActionMask = 2147483647;
			files = (
				F5F3665324C82ABF008BA221 /* ChatKitResource.bundle in Resources */,
				F5F3665224C82ABF008BA221 /* ChatKitFace.bundle in Resources */,
				67535E6F2390BC9B0009F882 /* 方正粗谭黑简体.ttf in Resources */,
				67535E812390C6560009F882 /* InfoPlist.strings in Resources */,
				6783C85E1FB941EE0040C02B /* LaunchScreen.storyboard in Resources */,
				6783C85B1FB941EE0040C02B /* Assets.xcassets in Resources */,
				6783C8591FB941EE0040C02B /* Main.storyboard in Resources */,
			);
			runOnlyForDeploymentPostprocessing = 0;
		};
		6783C8641FB941EE0040C02B /* Resources */ = {
			isa = PBXResourcesBuildPhase;
			buildActionMask = 2147483647;
			files = (
			);
			runOnlyForDeploymentPostprocessing = 0;
		};
		6783C86F1FB941EE0040C02B /* Resources */ = {
			isa = PBXResourcesBuildPhase;
			buildActionMask = 2147483647;
			files = (
			);
			runOnlyForDeploymentPostprocessing = 0;
		};
/* End PBXResourcesBuildPhase section */

/* Begin PBXShellScriptBuildPhase section */
		1CB1182850D105B4CAD638F2 /* [CP] Copy Pods Resources */ = {
			isa = PBXShellScriptBuildPhase;
			buildActionMask = 2147483647;
			files = (
			);
			inputPaths = (
				"${PODS_ROOT}/Target Support Files/Pods-WDEMO/Pods-WDEMO-resources.sh",
				"${PODS_ROOT}/MJRefresh/MJRefresh/MJRefresh.bundle",
			);
			name = "[CP] Copy Pods Resources";
			outputPaths = (
				"${TARGET_BUILD_DIR}/${UNLOCALIZED_RESOURCES_FOLDER_PATH}/MJRefresh.bundle",
			);
			runOnlyForDeploymentPostprocessing = 0;
			shellPath = /bin/sh;
			shellScript = "\"${PODS_ROOT}/Target Support Files/Pods-WDEMO/Pods-WDEMO-resources.sh\"\n";
			showEnvVarsInLog = 0;
		};
		ED45FB124EF7F88A29B58D16 /* [CP] Check Pods Manifest.lock */ = {
			isa = PBXShellScriptBuildPhase;
			buildActionMask = 2147483647;
			files = (
			);
			inputFileListPaths = (
			);
			inputPaths = (
				"${PODS_PODFILE_DIR_PATH}/Podfile.lock",
				"${PODS_ROOT}/Manifest.lock",
			);
			name = "[CP] Check Pods Manifest.lock";
			outputFileListPaths = (
			);
			outputPaths = (
				"$(DERIVED_FILE_DIR)/Pods-WDEMO-checkManifestLockResult.txt",
			);
			runOnlyForDeploymentPostprocessing = 0;
			shellPath = /bin/sh;
			shellScript = "diff \"${PODS_PODFILE_DIR_PATH}/Podfile.lock\" \"${PODS_ROOT}/Manifest.lock\" > /dev/null\nif [ $? != 0 ] ; then\n    # print error to STDERR\n    echo \"error: The sandbox is not in sync with the Podfile.lock. Run 'pod install' or update your CocoaPods installation.\" >&2\n    exit 1\nfi\n# This output is used by Xcode 'outputs' to avoid re-running this script phase.\necho \"SUCCESS\" > \"${SCRIPT_OUTPUT_FILE_0}\"\n";
			showEnvVarsInLog = 0;
		};
/* End PBXShellScriptBuildPhase section */

/* Begin PBXSourcesBuildPhase section */
		673AE9451FC810560002D304 /* Sources */ = {
			isa = PBXSourcesBuildPhase;
			buildActionMask = 2147483647;
			files = (
				673AE94E1FC810560002D304 /* TodayViewController.m in Sources */,
			);
			runOnlyForDeploymentPostprocessing = 0;
		};
		6783C84A1FB941EE0040C02B /* Sources */ = {
			isa = PBXSourcesBuildPhase;
			buildActionMask = 2147483647;
			files = (
				F553E1A124CA8F9B00DA5625 /* ChatMessageDataModel.m in Sources */,
				677BADD71FC412A700E7A3FF /* WConstants.m in Sources */,
				F553E14424CA82E700DA5625 /* ChatKitConfig.m in Sources */,
				A4F2C09924B97F9B005922B1 /* TagSegmentedControl.m in Sources */,
				F5D0FC0D24E0F99800CAADF8 /* UIImage+TUIKIT.m in Sources */,
				F57A6A7724CFCA8400D51E01 /* FaceMessageCell.m in Sources */,
				F5D0FBFF24E0E6CB00CAADF8 /* AttributedTextViewController.m in Sources */,
				A459C29424C174A300A3B5FF /* Plist.m in Sources */,
				675852AB231D23F700C5CF7E /* WTableViewCell.m in Sources */,
				F553E12B24CA800200DA5625 /* FaceCell.m in Sources */,
				6783C8901FB944B80040C02B /* LZTagListCell.m in Sources */,
				A4F2C09824B97F9B005922B1 /* TagListView.m in Sources */,
				F5668FAE24C6C0B9007D452E /* WCollectionViewController.m in Sources */,
				A4F2C0A024B97FD5005922B1 /* ViewController1.m in Sources */,
				F57A6A7A24CFCA9700D51E01 /* EnterMessageCell.m in Sources */,
				F5F3664924C8287C008BA221 /* ChatKit.m in Sources */,
				A479988024BAB2FA0079F72D /* GaoDengViewController.m in Sources */,
				A479988F24BAE2EF0079F72D /* BigCollectionView.m in Sources */,
				F507113024E2A6A700AD5306 /* MYPerson.m in Sources */,
				F5668FBA24C6DB69007D452E /* CpuMemoryUsage.m in Sources */,
				F5668FB124C6C11C007D452E /* WCollectionViewCell.m in Sources */,
				6783C8951FB944B80040C02B /* WaterFlowLayout.m in Sources */,
				A4F2C0A224B97FD5005922B1 /* ViewController3.m in Sources */,
				F553E12824CA800200DA5625 /* InputBar.m in Sources */,
				F507113324E2A6BE00AD5306 /* MYCar.m in Sources */,
				67535E722390C2920009F882 /* FGLanguageTool.m in Sources */,
				A479988C24BAC0E20079F72D /* SmallCollectionView.m in Sources */,
				F57B52A024C7DECF00940696 /* ChatViewController.m in Sources */,
				A4F9DC1B24D66049009FB2EA /* UIImage+size.m in Sources */,
				F553E12A24CA800200DA5625 /* InputController.m in Sources */,
				F5D0FC0A24E0F91800CAADF8 /* UIImage+TUIDarkMode.m in Sources */,
				F553E19B24CA8DE200DA5625 /* NSAttributedString+FaceString.m in Sources */,
				F5DEB32924CEBB66009A6767 /* MessageController.m in Sources */,
				679FEC5E210AF53B00FF4972 /* RoundedSegmentedControl.m in Sources */,
				67B7E5F72321189E00C494EF /* DelegateViewController.m in Sources */,
				F553E17E24CA888800DA5625 /* ChatHelper.m in Sources */,
				F5F4F10324D3C158007DB7F3 /* YYViewController.m in Sources */,
				67535E892390F0CF0009F882 /* FontViewControlle.m in Sources */,
				67B7E5FA232118A900C494EF /* BlockViewController.m in Sources */,
				6783C8931FB944B80040C02B /* LZTagSegmentedControl.m in Sources */,
				F553E12924CA800200DA5625 /* FaceView.m in Sources */,
				673AE9251FC7F5BD0002D304 /* ForceTouchListVC.m in Sources */,
				6783C8921FB944B80040C02B /* LZTagListView.m in Sources */,
				6730334C210AED3D001471D8 /* PersonalCenterBarBtn.m in Sources */,
				F5DEB2A924CE7FA0009A6767 /* ChatMemberListCell.m in Sources */,
				6783C8911FB944B80040C02B /* LZTagListVC.m in Sources */,
				F5DEB33024CEF5E3009A6767 /* NoInputBar.m in Sources */,
				F5DEB2A624CE7E4B009A6767 /* ChatMemberListView.m in Sources */,
				A4F2C0A124B97FD5005922B1 /* ViewController2.m in Sources */,
				F5D0FC0924E0F91800CAADF8 /* UIColor+TUIDarkMode.m in Sources */,
				6783C8561FB941EE0040C02B /* ViewController.m in Sources */,
				F5C7261B24E1317B00B16639 /* ListModelCell.m in Sources */,
				F5D0FC0224E0E70500CAADF8 /* MaskViewController.m in Sources */,
				6783C8611FB941EE0040C02B /* main.m in Sources */,
				F5C7261824E1258000B16639 /* ListModel.m in Sources */,
				67B7E5F42321187E00C494EF /* PassValueViewController.m in Sources */,
				A479989224BAEBCE0079F72D /* SmallBigCollectionViewCell.m in Sources */,
				6730334D210AED3D001471D8 /* PersonalCenterBar.m in Sources */,
				F553E1E124CAC69F00DA5625 /* ChatMessageCell.m in Sources */,
				6783C8941FB944B80040C02B /* CustomLayout.m in Sources */,
				F57B52A324C7DF2700940696 /* ChatController.m in Sources */,
				F5F4F10C24D4081A007DB7F3 /* ChatMessageYYDataModel.m in Sources */,
				673AE92B1FC7F5E90002D304 /* ForceTouchDetailVC.m in Sources */,
				A4F2C09724B97F9B005922B1 /* TagListCell.m in Sources */,
				F5F3665624C82E5C008BA221 /* ChatImageCache.m in Sources */,
				F507113724E2AB9400AD5306 /* IsEqualViewController.m in Sources */,
				F553E12724CA800200DA5625 /* TResponderTextView.m in Sources */,
				6783C8531FB941EE0040C02B /* AppDelegate.m in Sources */,
				67B7E5FD232118B800C494EF /* NotificationViewController.m in Sources */,
				A459C29124C16ADE00A3B5FF /* CJAppUncaughtExceptionHandler.m in Sources */,
				F553E19D24CA8DE200DA5625 /* FaceAttachment.m in Sources */,
				F553E17B24CA86FC00DA5625 /* UIImage+ChatKit..m in Sources */,
				A4F2C09024B97F5E005922B1 /* TagListViewController.m in Sources */,
				F5F4F10924D40312007DB7F3 /* TipMessageCell.m in Sources */,
				675852A8231D21A700C5CF7E /* WTableViewController.m in Sources */,
				67AB47F9231E07D100C837BB /* AlterViewController.m in Sources */,
			);
			runOnlyForDeploymentPostprocessing = 0;
		};
		6783C8621FB941EE0040C02B /* Sources */ = {
			isa = PBXSourcesBuildPhase;
			buildActionMask = 2147483647;
			files = (
				6783C86B1FB941EE0040C02B /* WDEMOTests.m in Sources */,
			);
			runOnlyForDeploymentPostprocessing = 0;
		};
		6783C86D1FB941EE0040C02B /* Sources */ = {
			isa = PBXSourcesBuildPhase;
			buildActionMask = 2147483647;
			files = (
				6783C8761FB941EE0040C02B /* WDEMOUITests.m in Sources */,
			);
			runOnlyForDeploymentPostprocessing = 0;
		};
/* End PBXSourcesBuildPhase section */

/* Begin PBXTargetDependency section */
		673AE9541FC810560002D304 /* PBXTargetDependency */ = {
			isa = PBXTargetDependency;
			target = 673AE9481FC810560002D304 /* Widget */;
			targetProxy = 673AE9531FC810560002D304 /* PBXContainerItemProxy */;
		};
		6783C8681FB941EE0040C02B /* PBXTargetDependency */ = {
			isa = PBXTargetDependency;
			target = 6783C84D1FB941EE0040C02B /* WDEMO */;
			targetProxy = 6783C8671FB941EE0040C02B /* PBXContainerItemProxy */;
		};
		6783C8731FB941EE0040C02B /* PBXTargetDependency */ = {
			isa = PBXTargetDependency;
			target = 6783C84D1FB941EE0040C02B /* WDEMO */;
			targetProxy = 6783C8721FB941EE0040C02B /* PBXContainerItemProxy */;
		};
/* End PBXTargetDependency section */

/* Begin PBXVariantGroup section */
		673AE94F1FC810560002D304 /* MainInterface.storyboard */ = {
			isa = PBXVariantGroup;
			children = (
				673AE9501FC810560002D304 /* Base */,
				67535E7B2390C6100009F882 /* zh-Hans */,
				67535E7E2390C6140009F882 /* zh-Hant */,
			);
			name = MainInterface.storyboard;
			sourceTree = "<group>";
		};
		67535E832390C6560009F882 /* InfoPlist.strings */ = {
			isa = PBXVariantGroup;
			children = (
				67535E822390C6560009F882 /* zh-Hans */,
				67535E852390C6590009F882 /* zh-Hant */,
				67535E862390CA9A0009F882 /* en */,
			);
			name = InfoPlist.strings;
			sourceTree = "<group>";
		};
		6783C8571FB941EE0040C02B /* Main.storyboard */ = {
			isa = PBXVariantGroup;
			children = (
				6783C8581FB941EE0040C02B /* Base */,
				67535E792390C6100009F882 /* zh-Hans */,
				67535E7C2390C6130009F882 /* zh-Hant */,
			);
			name = Main.storyboard;
			sourceTree = "<group>";
		};
		6783C85C1FB941EE0040C02B /* LaunchScreen.storyboard */ = {
			isa = PBXVariantGroup;
			children = (
				6783C85D1FB941EE0040C02B /* Base */,
				67535E7A2390C6100009F882 /* zh-Hans */,
				67535E7D2390C6130009F882 /* zh-Hant */,
			);
			name = LaunchScreen.storyboard;
			sourceTree = "<group>";
		};
/* End PBXVariantGroup section */

/* Begin XCBuildConfiguration section */
		673AE9571FC810560002D304 /* Debug */ = {
			isa = XCBuildConfiguration;
			buildSettings = {
				CODE_SIGN_STYLE = Automatic;
				DEVELOPMENT_TEAM = FTKLY6XUHH;
				INFOPLIST_FILE = Widget/Info.plist;
				IPHONEOS_DEPLOYMENT_TARGET = 10.0;
				LD_RUNPATH_SEARCH_PATHS = "$(inherited) @executable_path/Frameworks @executable_path/../../Frameworks";
				PRODUCT_BUNDLE_IDENTIFIER = wwc.WDEMO.Widget;
				PRODUCT_NAME = "$(TARGET_NAME)";
				SKIP_INSTALL = YES;
				TARGETED_DEVICE_FAMILY = "1,2";
			};
			name = Debug;
		};
		673AE9581FC810560002D304 /* Release */ = {
			isa = XCBuildConfiguration;
			buildSettings = {
				CODE_SIGN_STYLE = Automatic;
				DEVELOPMENT_TEAM = FTKLY6XUHH;
				INFOPLIST_FILE = Widget/Info.plist;
				IPHONEOS_DEPLOYMENT_TARGET = 10.0;
				LD_RUNPATH_SEARCH_PATHS = "$(inherited) @executable_path/Frameworks @executable_path/../../Frameworks";
				PRODUCT_BUNDLE_IDENTIFIER = wwc.WDEMO.Widget;
				PRODUCT_NAME = "$(TARGET_NAME)";
				SKIP_INSTALL = YES;
				TARGETED_DEVICE_FAMILY = "1,2";
			};
			name = Release;
		};
		6783C8781FB941EE0040C02B /* Debug */ = {
			isa = XCBuildConfiguration;
			buildSettings = {
				ALWAYS_SEARCH_USER_PATHS = NO;
				CLANG_ANALYZER_LOCALIZABILITY_NONLOCALIZED = YES;
				CLANG_ANALYZER_NONNULL = YES;
				CLANG_ANALYZER_NUMBER_OBJECT_CONVERSION = YES_AGGRESSIVE;
				CLANG_CXX_LANGUAGE_STANDARD = "gnu++14";
				CLANG_CXX_LIBRARY = "libc++";
				CLANG_ENABLE_MODULES = YES;
				CLANG_ENABLE_OBJC_ARC = YES;
				CLANG_WARN_BLOCK_CAPTURE_AUTORELEASING = YES;
				CLANG_WARN_BOOL_CONVERSION = YES;
				CLANG_WARN_COMMA = YES;
				CLANG_WARN_CONSTANT_CONVERSION = YES;
				CLANG_WARN_DIRECT_OBJC_ISA_USAGE = YES_ERROR;
				CLANG_WARN_DOCUMENTATION_COMMENTS = YES;
				CLANG_WARN_EMPTY_BODY = YES;
				CLANG_WARN_ENUM_CONVERSION = YES;
				CLANG_WARN_INFINITE_RECURSION = YES;
				CLANG_WARN_INT_CONVERSION = YES;
				CLANG_WARN_NON_LITERAL_NULL_CONVERSION = YES;
				CLANG_WARN_OBJC_LITERAL_CONVERSION = YES;
				CLANG_WARN_OBJC_ROOT_CLASS = YES_ERROR;
				CLANG_WARN_RANGE_LOOP_ANALYSIS = YES;
				CLANG_WARN_STRICT_PROTOTYPES = YES;
				CLANG_WARN_SUSPICIOUS_MOVE = YES;
				CLANG_WARN_UNGUARDED_AVAILABILITY = YES_AGGRESSIVE;
				CLANG_WARN_UNREACHABLE_CODE = YES;
				CLANG_WARN__DUPLICATE_METHOD_MATCH = YES;
				CODE_SIGN_IDENTITY = "iPhone Developer";
				COPY_PHASE_STRIP = NO;
				DEBUG_INFORMATION_FORMAT = dwarf;
				ENABLE_STRICT_OBJC_MSGSEND = YES;
				ENABLE_TESTABILITY = YES;
				GCC_C_LANGUAGE_STANDARD = gnu11;
				GCC_DYNAMIC_NO_PIC = NO;
				GCC_NO_COMMON_BLOCKS = YES;
				GCC_OPTIMIZATION_LEVEL = 0;
				GCC_PREPROCESSOR_DEFINITIONS = (
					"DEBUG=1",
					"$(inherited)",
				);
				GCC_WARN_64_TO_32_BIT_CONVERSION = YES;
				GCC_WARN_ABOUT_RETURN_TYPE = YES_ERROR;
				GCC_WARN_UNDECLARED_SELECTOR = YES;
				GCC_WARN_UNINITIALIZED_AUTOS = YES_AGGRESSIVE;
				GCC_WARN_UNUSED_FUNCTION = YES;
				GCC_WARN_UNUSED_VARIABLE = YES;
				IPHONEOS_DEPLOYMENT_TARGET = 11.0;
				MTL_ENABLE_DEBUG_INFO = YES;
				ONLY_ACTIVE_ARCH = YES;
				SDKROOT = iphoneos;
			};
			name = Debug;
		};
		6783C8791FB941EE0040C02B /* Release */ = {
			isa = XCBuildConfiguration;
			buildSettings = {
				ALWAYS_SEARCH_USER_PATHS = NO;
				CLANG_ANALYZER_LOCALIZABILITY_NONLOCALIZED = YES;
				CLANG_ANALYZER_NONNULL = YES;
				CLANG_ANALYZER_NUMBER_OBJECT_CONVERSION = YES_AGGRESSIVE;
				CLANG_CXX_LANGUAGE_STANDARD = "gnu++14";
				CLANG_CXX_LIBRARY = "libc++";
				CLANG_ENABLE_MODULES = YES;
				CLANG_ENABLE_OBJC_ARC = YES;
				CLANG_WARN_BLOCK_CAPTURE_AUTORELEASING = YES;
				CLANG_WARN_BOOL_CONVERSION = YES;
				CLANG_WARN_COMMA = YES;
				CLANG_WARN_CONSTANT_CONVERSION = YES;
				CLANG_WARN_DIRECT_OBJC_ISA_USAGE = YES_ERROR;
				CLANG_WARN_DOCUMENTATION_COMMENTS = YES;
				CLANG_WARN_EMPTY_BODY = YES;
				CLANG_WARN_ENUM_CONVERSION = YES;
				CLANG_WARN_INFINITE_RECURSION = YES;
				CLANG_WARN_INT_CONVERSION = YES;
				CLANG_WARN_NON_LITERAL_NULL_CONVERSION = YES;
				CLANG_WARN_OBJC_LITERAL_CONVERSION = YES;
				CLANG_WARN_OBJC_ROOT_CLASS = YES_ERROR;
				CLANG_WARN_RANGE_LOOP_ANALYSIS = YES;
				CLANG_WARN_STRICT_PROTOTYPES = YES;
				CLANG_WARN_SUSPICIOUS_MOVE = YES;
				CLANG_WARN_UNGUARDED_AVAILABILITY = YES_AGGRESSIVE;
				CLANG_WARN_UNREACHABLE_CODE = YES;
				CLANG_WARN__DUPLICATE_METHOD_MATCH = YES;
				CODE_SIGN_IDENTITY = "iPhone Developer";
				COPY_PHASE_STRIP = NO;
				DEBUG_INFORMATION_FORMAT = "dwarf-with-dsym";
				ENABLE_NS_ASSERTIONS = NO;
				ENABLE_STRICT_OBJC_MSGSEND = YES;
				GCC_C_LANGUAGE_STANDARD = gnu11;
				GCC_NO_COMMON_BLOCKS = YES;
				GCC_WARN_64_TO_32_BIT_CONVERSION = YES;
				GCC_WARN_ABOUT_RETURN_TYPE = YES_ERROR;
				GCC_WARN_UNDECLARED_SELECTOR = YES;
				GCC_WARN_UNINITIALIZED_AUTOS = YES_AGGRESSIVE;
				GCC_WARN_UNUSED_FUNCTION = YES;
				GCC_WARN_UNUSED_VARIABLE = YES;
				IPHONEOS_DEPLOYMENT_TARGET = 11.0;
				MTL_ENABLE_DEBUG_INFO = NO;
				SDKROOT = iphoneos;
				VALIDATE_PRODUCT = YES;
			};
			name = Release;
		};
		6783C87B1FB941EE0040C02B /* Debug */ = {
			isa = XCBuildConfiguration;
			baseConfigurationReference = FBDBA0D4EFFC9C6F87B1E8B6 /* Pods-WDEMO.debug.xcconfig */;
			buildSettings = {
				ASSETCATALOG_COMPILER_APPICON_NAME = AppIcon;
				CODE_SIGN_STYLE = Automatic;
				DEVELOPMENT_TEAM = FTKLY6XUHH;
				INFOPLIST_FILE = WDEMO/Info.plist;
				IPHONEOS_DEPLOYMENT_TARGET = 10.0;
				LD_RUNPATH_SEARCH_PATHS = "$(inherited) @executable_path/Frameworks";
				PRODUCT_BUNDLE_IDENTIFIER = wwc.WDEMO;
				PRODUCT_NAME = "$(TARGET_NAME)";
				TARGETED_DEVICE_FAMILY = "1,2";
			};
			name = Debug;
		};
		6783C87C1FB941EE0040C02B /* Release */ = {
			isa = XCBuildConfiguration;
			baseConfigurationReference = 6F661C06B03CAE44D97A8656 /* Pods-WDEMO.release.xcconfig */;
			buildSettings = {
				ASSETCATALOG_COMPILER_APPICON_NAME = AppIcon;
				CODE_SIGN_STYLE = Automatic;
				DEVELOPMENT_TEAM = FTKLY6XUHH;
				INFOPLIST_FILE = WDEMO/Info.plist;
				IPHONEOS_DEPLOYMENT_TARGET = 10.0;
				LD_RUNPATH_SEARCH_PATHS = "$(inherited) @executable_path/Frameworks";
				PRODUCT_BUNDLE_IDENTIFIER = wwc.WDEMO;
				PRODUCT_NAME = "$(TARGET_NAME)";
				TARGETED_DEVICE_FAMILY = "1,2";
			};
			name = Release;
		};
		6783C87E1FB941EE0040C02B /* Debug */ = {
			isa = XCBuildConfiguration;
			buildSettings = {
				BUNDLE_LOADER = "$(TEST_HOST)";
				CODE_SIGN_STYLE = Automatic;
				INFOPLIST_FILE = WDEMOTests/Info.plist;
				LD_RUNPATH_SEARCH_PATHS = "$(inherited) @executable_path/Frameworks @loader_path/Frameworks";
				PRODUCT_BUNDLE_IDENTIFIER = wwc.WDEMOTests;
				PRODUCT_NAME = "$(TARGET_NAME)";
				TARGETED_DEVICE_FAMILY = "1,2";
				TEST_HOST = "$(BUILT_PRODUCTS_DIR)/WDEMO.app/WDEMO";
			};
			name = Debug;
		};
		6783C87F1FB941EE0040C02B /* Release */ = {
			isa = XCBuildConfiguration;
			buildSettings = {
				BUNDLE_LOADER = "$(TEST_HOST)";
				CODE_SIGN_STYLE = Automatic;
				INFOPLIST_FILE = WDEMOTests/Info.plist;
				LD_RUNPATH_SEARCH_PATHS = "$(inherited) @executable_path/Frameworks @loader_path/Frameworks";
				PRODUCT_BUNDLE_IDENTIFIER = wwc.WDEMOTests;
				PRODUCT_NAME = "$(TARGET_NAME)";
				TARGETED_DEVICE_FAMILY = "1,2";
				TEST_HOST = "$(BUILT_PRODUCTS_DIR)/WDEMO.app/WDEMO";
			};
			name = Release;
		};
		6783C8811FB941EE0040C02B /* Debug */ = {
			isa = XCBuildConfiguration;
			buildSettings = {
				CODE_SIGN_STYLE = Automatic;
				INFOPLIST_FILE = WDEMOUITests/Info.plist;
				LD_RUNPATH_SEARCH_PATHS = "$(inherited) @executable_path/Frameworks @loader_path/Frameworks";
				PRODUCT_BUNDLE_IDENTIFIER = wwc.WDEMOUITests;
				PRODUCT_NAME = "$(TARGET_NAME)";
				TARGETED_DEVICE_FAMILY = "1,2";
				TEST_TARGET_NAME = WDEMO;
			};
			name = Debug;
		};
		6783C8821FB941EE0040C02B /* Release */ = {
			isa = XCBuildConfiguration;
			buildSettings = {
				CODE_SIGN_STYLE = Automatic;
				INFOPLIST_FILE = WDEMOUITests/Info.plist;
				LD_RUNPATH_SEARCH_PATHS = "$(inherited) @executable_path/Frameworks @loader_path/Frameworks";
				PRODUCT_BUNDLE_IDENTIFIER = wwc.WDEMOUITests;
				PRODUCT_NAME = "$(TARGET_NAME)";
				TARGETED_DEVICE_FAMILY = "1,2";
				TEST_TARGET_NAME = WDEMO;
			};
			name = Release;
		};
/* End XCBuildConfiguration section */

/* Begin XCConfigurationList section */
		673AE9561FC810560002D304 /* Build configuration list for PBXNativeTarget "Widget" */ = {
			isa = XCConfigurationList;
			buildConfigurations = (
				673AE9571FC810560002D304 /* Debug */,
				673AE9581FC810560002D304 /* Release */,
			);
			defaultConfigurationIsVisible = 0;
			defaultConfigurationName = Release;
		};
		6783C8491FB941EE0040C02B /* Build configuration list for PBXProject "WDEMO" */ = {
			isa = XCConfigurationList;
			buildConfigurations = (
				6783C8781FB941EE0040C02B /* Debug */,
				6783C8791FB941EE0040C02B /* Release */,
			);
			defaultConfigurationIsVisible = 0;
			defaultConfigurationName = Release;
		};
		6783C87A1FB941EE0040C02B /* Build configuration list for PBXNativeTarget "WDEMO" */ = {
			isa = XCConfigurationList;
			buildConfigurations = (
				6783C87B1FB941EE0040C02B /* Debug */,
				6783C87C1FB941EE0040C02B /* Release */,
			);
			defaultConfigurationIsVisible = 0;
			defaultConfigurationName = Release;
		};
		6783C87D1FB941EE0040C02B /* Build configuration list for PBXNativeTarget "WDEMOTests" */ = {
			isa = XCConfigurationList;
			buildConfigurations = (
				6783C87E1FB941EE0040C02B /* Debug */,
				6783C87F1FB941EE0040C02B /* Release */,
			);
			defaultConfigurationIsVisible = 0;
			defaultConfigurationName = Release;
		};
		6783C8801FB941EE0040C02B /* Build configuration list for PBXNativeTarget "WDEMOUITests" */ = {
			isa = XCConfigurationList;
			buildConfigurations = (
				6783C8811FB941EE0040C02B /* Debug */,
				6783C8821FB941EE0040C02B /* Release */,
			);
			defaultConfigurationIsVisible = 0;
			defaultConfigurationName = Release;
		};
/* End XCConfigurationList section */
	};
	rootObject = 6783C8461FB941EE0040C02B /* Project object */;
}
