// !$*UTF8*$!
{
	archiveVersion = 1;
	classes = {
	};
	objectVersion = 48;
	objects = {

/* Begin PBXBuildFile section */
		673AE9251FC7F5BD0002D304 /* ForceTouchListVC.m in Sources */ = {isa = PBXBuildFile; fileRef = 673AE9241FC7F5BD0002D304 /* ForceTouchListVC.m */; };
		673AE92B1FC7F5E90002D304 /* ForceTouchDetailVC.m in Sources */ = {isa = PBXBuildFile; fileRef = 673AE92A1FC7F5E90002D304 /* ForceTouchDetailVC.m */; };
		673AE94A1FC810560002D304 /* NotificationCenter.framework in Frameworks */ = {isa = PBXBuildFile; fileRef = 673AE9321FC80E8A0002D304 /* NotificationCenter.framework */; };
		673AE94E1FC810560002D304 /* TodayViewController.m in Sources */ = {isa = PBXBuildFile; fileRef = 673AE94D1FC810560002D304 /* TodayViewController.m */; };
		673AE9511FC810560002D304 /* MainInterface.storyboard in Resources */ = {isa = PBXBuildFile; fileRef = 673AE94F1FC810560002D304 /* MainInterface.storyboard */; };
		673AE9551FC810560002D304 /* Widget.appex in Embed App Extensions */ = {isa = PBXBuildFile; fileRef = 673AE9491FC810560002D304 /* Widget.appex */; settings = {ATTRIBUTES = (RemoveHeadersOnCopy, ); }; };
		677BADD71FC412A700E7A3FF /* WConstants.m in Sources */ = {isa = PBXBuildFile; fileRef = 677BADD61FC412A700E7A3FF /* WConstants.m */; };
		6783C8531FB941EE0040C02B /* AppDelegate.m in Sources */ = {isa = PBXBuildFile; fileRef = 6783C8521FB941EE0040C02B /* AppDelegate.m */; };
		6783C8561FB941EE0040C02B /* ViewController.m in Sources */ = {isa = PBXBuildFile; fileRef = 6783C8551FB941EE0040C02B /* ViewController.m */; };
		6783C8591FB941EE0040C02B /* Main.storyboard in Resources */ = {isa = PBXBuildFile; fileRef = 6783C8571FB941EE0040C02B /* Main.storyboard */; };
		6783C85B1FB941EE0040C02B /* Assets.xcassets in Resources */ = {isa = PBXBuildFile; fileRef = 6783C85A1FB941EE0040C02B /* Assets.xcassets */; };
		6783C85E1FB941EE0040C02B /* LaunchScreen.storyboard in Resources */ = {isa = PBXBuildFile; fileRef = 6783C85C1FB941EE0040C02B /* LaunchScreen.storyboard */; };
		6783C8611FB941EE0040C02B /* main.m in Sources */ = {isa = PBXBuildFile; fileRef = 6783C8601FB941EE0040C02B /* main.m */; };
		6783C86B1FB941EE0040C02B /* WDEMOTests.m in Sources */ = {isa = PBXBuildFile; fileRef = 6783C86A1FB941EE0040C02B /* WDEMOTests.m */; };
		6783C8761FB941EE0040C02B /* WDEMOUITests.m in Sources */ = {isa = PBXBuildFile; fileRef = 6783C8751FB941EE0040C02B /* WDEMOUITests.m */; };
		6783C8901FB944B80040C02B /* LZTagListCell.m in Sources */ = {isa = PBXBuildFile; fileRef = 6783C8851FB944B80040C02B /* LZTagListCell.m */; };
		6783C8911FB944B80040C02B /* LZTagListVC.m in Sources */ = {isa = PBXBuildFile; fileRef = 6783C8871FB944B80040C02B /* LZTagListVC.m */; };
		6783C8921FB944B80040C02B /* LZTagListView.m in Sources */ = {isa = PBXBuildFile; fileRef = 6783C8891FB944B80040C02B /* LZTagListView.m */; };
		6783C8931FB944B80040C02B /* LZTagSegmentedControl.m in Sources */ = {isa = PBXBuildFile; fileRef = 6783C88B1FB944B80040C02B /* LZTagSegmentedControl.m */; };
		6783C8941FB944B80040C02B /* CustomLayout.m in Sources */ = {isa = PBXBuildFile; fileRef = 6783C88D1FB944B80040C02B /* CustomLayout.m */; };
		6783C8951FB944B80040C02B /* WaterFlowLayout.m in Sources */ = {isa = PBXBuildFile; fileRef = 6783C88F1FB944B80040C02B /* WaterFlowLayout.m */; };
/* End PBXBuildFile section */

/* Begin PBXContainerItemProxy section */
		673AE9531FC810560002D304 /* PBXContainerItemProxy */ = {
			isa = PBXContainerItemProxy;
			containerPortal = 6783C8461FB941EE0040C02B /* Project object */;
			proxyType = 1;
			remoteGlobalIDString = 673AE9481FC810560002D304;
			remoteInfo = Widget;
		};
		6783C8671FB941EE0040C02B /* PBXContainerItemProxy */ = {
			isa = PBXContainerItemProxy;
			containerPortal = 6783C8461FB941EE0040C02B /* Project object */;
			proxyType = 1;
			remoteGlobalIDString = 6783C84D1FB941EE0040C02B;
			remoteInfo = WDEMO;
		};
		6783C8721FB941EE0040C02B /* PBXContainerItemProxy */ = {
			isa = PBXContainerItemProxy;
			containerPortal = 6783C8461FB941EE0040C02B /* Project object */;
			proxyType = 1;
			remoteGlobalIDString = 6783C84D1FB941EE0040C02B;
			remoteInfo = WDEMO;
		};
/* End PBXContainerItemProxy section */

/* Begin PBXCopyFilesBuildPhase section */
		673AE9421FC80E8A0002D304 /* Embed App Extensions */ = {
			isa = PBXCopyFilesBuildPhase;
			buildActionMask = 2147483647;
			dstPath = "";
			dstSubfolderSpec = 13;
			files = (
				673AE9551FC810560002D304 /* Widget.appex in Embed App Extensions */,
			);
			name = "Embed App Extensions";
			runOnlyForDeploymentPostprocessing = 0;
		};
/* End PBXCopyFilesBuildPhase section */

/* Begin PBXFileReference section */
		673AE9231FC7F5BD0002D304 /* ForceTouchListVC.h */ = {isa = PBXFileReference; lastKnownFileType = sourcecode.c.h; path = ForceTouchListVC.h; sourceTree = "<group>"; };
		673AE9241FC7F5BD0002D304 /* ForceTouchListVC.m */ = {isa = PBXFileReference; lastKnownFileType = sourcecode.c.objc; path = ForceTouchListVC.m; sourceTree = "<group>"; };
		673AE9291FC7F5E90002D304 /* ForceTouchDetailVC.h */ = {isa = PBXFileReference; lastKnownFileType = sourcecode.c.h; path = ForceTouchDetailVC.h; sourceTree = "<group>"; };
		673AE92A1FC7F5E90002D304 /* ForceTouchDetailVC.m */ = {isa = PBXFileReference; lastKnownFileType = sourcecode.c.objc; path = ForceTouchDetailVC.m; sourceTree = "<group>"; };
		673AE9321FC80E8A0002D304 /* NotificationCenter.framework */ = {isa = PBXFileReference; lastKnownFileType = wrapper.framework; name = NotificationCenter.framework; path = System/Library/Frameworks/NotificationCenter.framework; sourceTree = SDKROOT; };
		673AE9491FC810560002D304 /* Widget.appex */ = {isa = PBXFileReference; explicitFileType = "wrapper.app-extension"; includeInIndex = 0; path = Widget.appex; sourceTree = BUILT_PRODUCTS_DIR; };
		673AE94C1FC810560002D304 /* TodayViewController.h */ = {isa = PBXFileReference; lastKnownFileType = sourcecode.c.h; path = TodayViewController.h; sourceTree = "<group>"; };
		673AE94D1FC810560002D304 /* TodayViewController.m */ = {isa = PBXFileReference; lastKnownFileType = sourcecode.c.objc; path = TodayViewController.m; sourceTree = "<group>"; };
		673AE9501FC810560002D304 /* Base */ = {isa = PBXFileReference; lastKnownFileType = file.storyboard; name = Base; path = Base.lproj/MainInterface.storyboard; sourceTree = "<group>"; };
		673AE9521FC810560002D304 /* Info.plist */ = {isa = PBXFileReference; lastKnownFileType = text.plist.xml; path = Info.plist; sourceTree = "<group>"; };
		677BADCD1FC40D4E00E7A3FF /* WMacros.h */ = {isa = PBXFileReference; lastKnownFileType = sourcecode.c.h; path = WMacros.h; sourceTree = "<group>"; };
		677BADD41FC4128900E7A3FF /* WEnums.h */ = {isa = PBXFileReference; lastKnownFileType = sourcecode.c.h; path = WEnums.h; sourceTree = "<group>"; };
		677BADD51FC412A700E7A3FF /* WConstants.h */ = {isa = PBXFileReference; lastKnownFileType = sourcecode.c.h; path = WConstants.h; sourceTree = "<group>"; };
		677BADD61FC412A700E7A3FF /* WConstants.m */ = {isa = PBXFileReference; lastKnownFileType = sourcecode.c.objc; path = WConstants.m; sourceTree = "<group>"; };
		6783C84E1FB941EE0040C02B /* WDEMO.app */ = {isa = PBXFileReference; explicitFileType = wrapper.application; includeInIndex = 0; path = WDEMO.app; sourceTree = BUILT_PRODUCTS_DIR; };
		6783C8511FB941EE0040C02B /* AppDelegate.h */ = {isa = PBXFileReference; lastKnownFileType = sourcecode.c.h; path = AppDelegate.h; sourceTree = "<group>"; };
		6783C8521FB941EE0040C02B /* AppDelegate.m */ = {isa = PBXFileReference; lastKnownFileType = sourcecode.c.objc; path = AppDelegate.m; sourceTree = "<group>"; };
		6783C8541FB941EE0040C02B /* ViewController.h */ = {isa = PBXFileReference; lastKnownFileType = sourcecode.c.h; path = ViewController.h; sourceTree = "<group>"; };
		6783C8551FB941EE0040C02B /* ViewController.m */ = {isa = PBXFileReference; lastKnownFileType = sourcecode.c.objc; path = ViewController.m; sourceTree = "<group>"; };
		6783C8581FB941EE0040C02B /* Base */ = {isa = PBXFileReference; lastKnownFileType = file.storyboard; name = Base; path = Base.lproj/Main.storyboard; sourceTree = "<group>"; };
		6783C85A1FB941EE0040C02B /* Assets.xcassets */ = {isa = PBXFileReference; lastKnownFileType = folder.assetcatalog; path = Assets.xcassets; sourceTree = "<group>"; };
		6783C85D1FB941EE0040C02B /* Base */ = {isa = PBXFileReference; lastKnownFileType = file.storyboard; name = Base; path = Base.lproj/LaunchScreen.storyboard; sourceTree = "<group>"; };
		6783C85F1FB941EE0040C02B /* Info.plist */ = {isa = PBXFileReference; lastKnownFileType = text.plist.xml; path = Info.plist; sourceTree = "<group>"; };
		6783C8601FB941EE0040C02B /* main.m */ = {isa = PBXFileReference; lastKnownFileType = sourcecode.c.objc; path = main.m; sourceTree = "<group>"; };
		6783C8661FB941EE0040C02B /* WDEMOTests.xctest */ = {isa = PBXFileReference; explicitFileType = wrapper.cfbundle; includeInIndex = 0; path = WDEMOTests.xctest; sourceTree = BUILT_PRODUCTS_DIR; };
		6783C86A1FB941EE0040C02B /* WDEMOTests.m */ = {isa = PBXFileReference; lastKnownFileType = sourcecode.c.objc; path = WDEMOTests.m; sourceTree = "<group>"; };
		6783C86C1FB941EE0040C02B /* Info.plist */ = {isa = PBXFileReference; lastKnownFileType = text.plist.xml; path = Info.plist; sourceTree = "<group>"; };
		6783C8711FB941EE0040C02B /* WDEMOUITests.xctest */ = {isa = PBXFileReference; explicitFileType = wrapper.cfbundle; includeInIndex = 0; path = WDEMOUITests.xctest; sourceTree = BUILT_PRODUCTS_DIR; };
		6783C8751FB941EE0040C02B /* WDEMOUITests.m */ = {isa = PBXFileReference; lastKnownFileType = sourcecode.c.objc; path = WDEMOUITests.m; sourceTree = "<group>"; };
		6783C8771FB941EE0040C02B /* Info.plist */ = {isa = PBXFileReference; lastKnownFileType = text.plist.xml; path = Info.plist; sourceTree = "<group>"; };
		6783C8841FB944B80040C02B /* LZTagListCell.h */ = {isa = PBXFileReference; fileEncoding = 4; lastKnownFileType = sourcecode.c.h; path = LZTagListCell.h; sourceTree = "<group>"; };
		6783C8851FB944B80040C02B /* LZTagListCell.m */ = {isa = PBXFileReference; fileEncoding = 4; lastKnownFileType = sourcecode.c.objc; path = LZTagListCell.m; sourceTree = "<group>"; };
		6783C8861FB944B80040C02B /* LZTagListVC.h */ = {isa = PBXFileReference; fileEncoding = 4; lastKnownFileType = sourcecode.c.h; path = LZTagListVC.h; sourceTree = "<group>"; };
		6783C8871FB944B80040C02B /* LZTagListVC.m */ = {isa = PBXFileReference; fileEncoding = 4; lastKnownFileType = sourcecode.c.objc; path = LZTagListVC.m; sourceTree = "<group>"; };
		6783C8881FB944B80040C02B /* LZTagListView.h */ = {isa = PBXFileReference; fileEncoding = 4; lastKnownFileType = sourcecode.c.h; path = LZTagListView.h; sourceTree = "<group>"; };
		6783C8891FB944B80040C02B /* LZTagListView.m */ = {isa = PBXFileReference; fileEncoding = 4; lastKnownFileType = sourcecode.c.objc; path = LZTagListView.m; sourceTree = "<group>"; };
		6783C88A1FB944B80040C02B /* LZTagSegmentedControl.h */ = {isa = PBXFileReference; fileEncoding = 4; lastKnownFileType = sourcecode.c.h; path = LZTagSegmentedControl.h; sourceTree = "<group>"; };
		6783C88B1FB944B80040C02B /* LZTagSegmentedControl.m */ = {isa = PBXFileReference; fileEncoding = 4; lastKnownFileType = sourcecode.c.objc; path = LZTagSegmentedControl.m; sourceTree = "<group>"; };
		6783C88C1FB944B80040C02B /* CustomLayout.h */ = {isa = PBXFileReference; fileEncoding = 4; lastKnownFileType = sourcecode.c.h; path = CustomLayout.h; sourceTree = "<group>"; };
		6783C88D1FB944B80040C02B /* CustomLayout.m */ = {isa = PBXFileReference; fileEncoding = 4; lastKnownFileType = sourcecode.c.objc; path = CustomLayout.m; sourceTree = "<group>"; };
		6783C88E1FB944B80040C02B /* WaterFlowLayout.h */ = {isa = PBXFileReference; fileEncoding = 4; lastKnownFileType = sourcecode.c.h; path = WaterFlowLayout.h; sourceTree = "<group>"; };
		6783C88F1FB944B80040C02B /* WaterFlowLayout.m */ = {isa = PBXFileReference; fileEncoding = 4; lastKnownFileType = sourcecode.c.objc; path = WaterFlowLayout.m; sourceTree = "<group>"; };
/* End PBXFileReference section */

/* Begin PBXFrameworksBuildPhase section */
		673AE9461FC810560002D304 /* Frameworks */ = {
			isa = PBXFrameworksBuildPhase;
			buildActionMask = 2147483647;
			files = (
				673AE94A1FC810560002D304 /* NotificationCenter.framework in Frameworks */,
			);
			runOnlyForDeploymentPostprocessing = 0;
		};
		6783C84B1FB941EE0040C02B /* Frameworks */ = {
			isa = PBXFrameworksBuildPhase;
			buildActionMask = 2147483647;
			files = (
			);
			runOnlyForDeploymentPostprocessing = 0;
		};
		6783C8631FB941EE0040C02B /* Frameworks */ = {
			isa = PBXFrameworksBuildPhase;
			buildActionMask = 2147483647;
			files = (
			);
			runOnlyForDeploymentPostprocessing = 0;
		};
		6783C86E1FB941EE0040C02B /* Frameworks */ = {
			isa = PBXFrameworksBuildPhase;
			buildActionMask = 2147483647;
			files = (
			);
			runOnlyForDeploymentPostprocessing = 0;
		};
/* End PBXFrameworksBuildPhase section */

/* Begin PBXGroup section */
		673AE91F1FC7F1A50002D304 /* 3DTouch */ = {
			isa = PBXGroup;
			children = (
				673AE9231FC7F5BD0002D304 /* ForceTouchListVC.h */,
				673AE9241FC7F5BD0002D304 /* ForceTouchListVC.m */,
				673AE9291FC7F5E90002D304 /* ForceTouchDetailVC.h */,
				673AE92A1FC7F5E90002D304 /* ForceTouchDetailVC.m */,
			);
			path = 3DTouch;
			sourceTree = "<group>";
		};
		673AE9311FC80E8A0002D304 /* Frameworks */ = {
			isa = PBXGroup;
			children = (
				673AE9321FC80E8A0002D304 /* NotificationCenter.framework */,
			);
			name = Frameworks;
			sourceTree = "<group>";
		};
		673AE94B1FC810560002D304 /* Widget */ = {
			isa = PBXGroup;
			children = (
				673AE94C1FC810560002D304 /* TodayViewController.h */,
				673AE94D1FC810560002D304 /* TodayViewController.m */,
				673AE94F1FC810560002D304 /* MainInterface.storyboard */,
				673AE9521FC810560002D304 /* Info.plist */,
			);
			path = Widget;
			sourceTree = "<group>";
		};
		6783C8451FB941EE0040C02B = {
			isa = PBXGroup;
			children = (
				6783C8501FB941EE0040C02B /* WDEMO */,
				6783C8691FB941EE0040C02B /* WDEMOTests */,
				6783C8741FB941EE0040C02B /* WDEMOUITests */,
				673AE94B1FC810560002D304 /* Widget */,
				673AE9311FC80E8A0002D304 /* Frameworks */,
				6783C84F1FB941EE0040C02B /* Products */,
			);
			sourceTree = "<group>";
		};
		6783C84F1FB941EE0040C02B /* Products */ = {
			isa = PBXGroup;
			children = (
				6783C84E1FB941EE0040C02B /* WDEMO.app */,
				6783C8661FB941EE0040C02B /* WDEMOTests.xctest */,
				6783C8711FB941EE0040C02B /* WDEMOUITests.xctest */,
				673AE9491FC810560002D304 /* Widget.appex */,
			);
			name = Products;
			sourceTree = "<group>";
		};
		6783C8501FB941EE0040C02B /* WDEMO */ = {
			isa = PBXGroup;
			children = (
				673AE91F1FC7F1A50002D304 /* 3DTouch */,
				6783C8831FB944B80040C02B /* WCollectionView */,
				6783C8511FB941EE0040C02B /* AppDelegate.h */,
				6783C8521FB941EE0040C02B /* AppDelegate.m */,
				6783C8541FB941EE0040C02B /* ViewController.h */,
				6783C8551FB941EE0040C02B /* ViewController.m */,
				6783C8571FB941EE0040C02B /* Main.storyboard */,
				6783C85A1FB941EE0040C02B /* Assets.xcassets */,
				6783C85C1FB941EE0040C02B /* LaunchScreen.storyboard */,
				6783C85F1FB941EE0040C02B /* Info.plist */,
				6783C8601FB941EE0040C02B /* main.m */,
				677BADCD1FC40D4E00E7A3FF /* WMacros.h */,
				677BADD41FC4128900E7A3FF /* WEnums.h */,
				677BADD51FC412A700E7A3FF /* WConstants.h */,
				677BADD61FC412A700E7A3FF /* WConstants.m */,
			);
			path = WDEMO;
			sourceTree = "<group>";
		};
		6783C8691FB941EE0040C02B /* WDEMOTests */ = {
			isa = PBXGroup;
			children = (
				6783C86A1FB941EE0040C02B /* WDEMOTests.m */,
				6783C86C1FB941EE0040C02B /* Info.plist */,
			);
			path = WDEMOTests;
			sourceTree = "<group>";
		};
		6783C8741FB941EE0040C02B /* WDEMOUITests */ = {
			isa = PBXGroup;
			children = (
				6783C8751FB941EE0040C02B /* WDEMOUITests.m */,
				6783C8771FB941EE0040C02B /* Info.plist */,
			);
			path = WDEMOUITests;
			sourceTree = "<group>";
		};
		6783C8831FB944B80040C02B /* WCollectionView */ = {
			isa = PBXGroup;
			children = (
				6783C8841FB944B80040C02B /* LZTagListCell.h */,
				6783C8851FB944B80040C02B /* LZTagListCell.m */,
				6783C8861FB944B80040C02B /* LZTagListVC.h */,
				6783C8871FB944B80040C02B /* LZTagListVC.m */,
				6783C8881FB944B80040C02B /* LZTagListView.h */,
				6783C8891FB944B80040C02B /* LZTagListView.m */,
				6783C88A1FB944B80040C02B /* LZTagSegmentedControl.h */,
				6783C88B1FB944B80040C02B /* LZTagSegmentedControl.m */,
				6783C88C1FB944B80040C02B /* CustomLayout.h */,
				6783C88D1FB944B80040C02B /* CustomLayout.m */,
				6783C88E1FB944B80040C02B /* WaterFlowLayout.h */,
				6783C88F1FB944B80040C02B /* WaterFlowLayout.m */,
			);
			path = WCollectionView;
			sourceTree = "<group>";
		};
/* End PBXGroup section */

/* Begin PBXNativeTarget section */
		673AE9481FC810560002D304 /* Widget */ = {
			isa = PBXNativeTarget;
			buildConfigurationList = 673AE9561FC810560002D304 /* Build configuration list for PBXNativeTarget "Widget" */;
			buildPhases = (
				673AE9451FC810560002D304 /* Sources */,
				673AE9461FC810560002D304 /* Frameworks */,
				673AE9471FC810560002D304 /* Resources */,
			);
			buildRules = (
			);
			dependencies = (
			);
			name = Widget;
			productName = Widget;
			productReference = 673AE9491FC810560002D304 /* Widget.appex */;
			productType = "com.apple.product-type.app-extension";
		};
		6783C84D1FB941EE0040C02B /* WDEMO */ = {
			isa = PBXNativeTarget;
			buildConfigurationList = 6783C87A1FB941EE0040C02B /* Build configuration list for PBXNativeTarget "WDEMO" */;
			buildPhases = (
				6783C84A1FB941EE0040C02B /* Sources */,
				6783C84B1FB941EE0040C02B /* Frameworks */,
				6783C84C1FB941EE0040C02B /* Resources */,
				673AE9421FC80E8A0002D304 /* Embed App Extensions */,
			);
			buildRules = (
			);
			dependencies = (
				673AE9541FC810560002D304 /* PBXTargetDependency */,
			);
			name = WDEMO;
			productName = WDEMO;
			productReference = 6783C84E1FB941EE0040C02B /* WDEMO.app */;
			productType = "com.apple.product-type.application";
		};
		6783C8651FB941EE0040C02B /* WDEMOTests */ = {
			isa = PBXNativeTarget;
			buildConfigurationList = 6783C87D1FB941EE0040C02B /* Build configuration list for PBXNativeTarget "WDEMOTests" */;
			buildPhases = (
				6783C8621FB941EE0040C02B /* Sources */,
				6783C8631FB941EE0040C02B /* Frameworks */,
				6783C8641FB941EE0040C02B /* Resources */,
			);
			buildRules = (
			);
			dependencies = (
				6783C8681FB941EE0040C02B /* PBXTargetDependency */,
			);
			name = WDEMOTests;
			productName = WDEMOTests;
			productReference = 6783C8661FB941EE0040C02B /* WDEMOTests.xctest */;
			productType = "com.apple.product-type.bundle.unit-test";
		};
		6783C8701FB941EE0040C02B /* WDEMOUITests */ = {
			isa = PBXNativeTarget;
			buildConfigurationList = 6783C8801FB941EE0040C02B /* Build configuration list for PBXNativeTarget "WDEMOUITests" */;
			buildPhases = (
				6783C86D1FB941EE0040C02B /* Sources */,
				6783C86E1FB941EE0040C02B /* Frameworks */,
				6783C86F1FB941EE0040C02B /* Resources */,
			);
			buildRules = (
			);
			dependencies = (
				6783C8731FB941EE0040C02B /* PBXTargetDependency */,
			);
			name = WDEMOUITests;
			productName = WDEMOUITests;
			productReference = 6783C8711FB941EE0040C02B /* WDEMOUITests.xctest */;
			productType = "com.apple.product-type.bundle.ui-testing";
		};
/* End PBXNativeTarget section */

/* Begin PBXProject section */
		6783C8461FB941EE0040C02B /* Project object */ = {
			isa = PBXProject;
			attributes = {
				LastUpgradeCheck = 0900;
				ORGANIZATIONNAME = wwc;
				TargetAttributes = {
					673AE9481FC810560002D304 = {
						CreatedOnToolsVersion = 9.0.1;
						ProvisioningStyle = Automatic;
					};
					6783C84D1FB941EE0040C02B = {
						CreatedOnToolsVersion = 9.0.1;
						ProvisioningStyle = Automatic;
					};
					6783C8651FB941EE0040C02B = {
						CreatedOnToolsVersion = 9.0.1;
						ProvisioningStyle = Automatic;
						TestTargetID = 6783C84D1FB941EE0040C02B;
					};
					6783C8701FB941EE0040C02B = {
						CreatedOnToolsVersion = 9.0.1;
						ProvisioningStyle = Automatic;
						TestTargetID = 6783C84D1FB941EE0040C02B;
					};
				};
			};
			buildConfigurationList = 6783C8491FB941EE0040C02B /* Build configuration list for PBXProject "WDEMO" */;
			compatibilityVersion = "Xcode 8.0";
			developmentRegion = en;
			hasScannedForEncodings = 0;
			knownRegions = (
				en,
				Base,
			);
			mainGroup = 6783C8451FB941EE0040C02B;
			productRefGroup = 6783C84F1FB941EE0040C02B /* Products */;
			projectDirPath = "";
			projectRoot = "";
			targets = (
				6783C84D1FB941EE0040C02B /* WDEMO */,
				6783C8651FB941EE0040C02B /* WDEMOTests */,
				6783C8701FB941EE0040C02B /* WDEMOUITests */,
				673AE9481FC810560002D304 /* Widget */,
			);
		};
/* End PBXProject section */

/* Begin PBXResourcesBuildPhase section */
		673AE9471FC810560002D304 /* Resources */ = {
			isa = PBXResourcesBuildPhase;
			buildActionMask = 2147483647;
			files = (
				673AE9511FC810560002D304 /* MainInterface.storyboard in Resources */,
			);
			runOnlyForDeploymentPostprocessing = 0;
		};
		6783C84C1FB941EE0040C02B /* Resources */ = {
			isa = PBXResourcesBuildPhase;
			buildActionMask = 2147483647;
			files = (
				6783C85E1FB941EE0040C02B /* LaunchScreen.storyboard in Resources */,
				6783C85B1FB941EE0040C02B /* Assets.xcassets in Resources */,
				6783C8591FB941EE0040C02B /* Main.storyboard in Resources */,
			);
			runOnlyForDeploymentPostprocessing = 0;
		};
		6783C8641FB941EE0040C02B /* Resources */ = {
			isa = PBXResourcesBuildPhase;
			buildActionMask = 2147483647;
			files = (
			);
			runOnlyForDeploymentPostprocessing = 0;
		};
		6783C86F1FB941EE0040C02B /* Resources */ = {
			isa = PBXResourcesBuildPhase;
			buildActionMask = 2147483647;
			files = (
			);
			runOnlyForDeploymentPostprocessing = 0;
		};
/* End PBXResourcesBuildPhase section */

/* Begin PBXSourcesBuildPhase section */
		673AE9451FC810560002D304 /* Sources */ = {
			isa = PBXSourcesBuildPhase;
			buildActionMask = 2147483647;
			files = (
				673AE94E1FC810560002D304 /* TodayViewController.m in Sources */,
			);
			runOnlyForDeploymentPostprocessing = 0;
		};
		6783C84A1FB941EE0040C02B /* Sources */ = {
			isa = PBXSourcesBuildPhase;
			buildActionMask = 2147483647;
			files = (
				677BADD71FC412A700E7A3FF /* WConstants.m in Sources */,
				6783C8901FB944B80040C02B /* LZTagListCell.m in Sources */,
				6783C8951FB944B80040C02B /* WaterFlowLayout.m in Sources */,
				6783C8931FB944B80040C02B /* LZTagSegmentedControl.m in Sources */,
				673AE9251FC7F5BD0002D304 /* ForceTouchListVC.m in Sources */,
				6783C8921FB944B80040C02B /* LZTagListView.m in Sources */,
				6783C8911FB944B80040C02B /* LZTagListVC.m in Sources */,
				6783C8561FB941EE0040C02B /* ViewController.m in Sources */,
				6783C8611FB941EE0040C02B /* main.m in Sources */,
				6783C8941FB944B80040C02B /* CustomLayout.m in Sources */,
				673AE92B1FC7F5E90002D304 /* ForceTouchDetailVC.m in Sources */,
				6783C8531FB941EE0040C02B /* AppDelegate.m in Sources */,
			);
			runOnlyForDeploymentPostprocessing = 0;
		};
		6783C8621FB941EE0040C02B /* Sources */ = {
			isa = PBXSourcesBuildPhase;
			buildActionMask = 2147483647;
			files = (
				6783C86B1FB941EE0040C02B /* WDEMOTests.m in Sources */,
			);
			runOnlyForDeploymentPostprocessing = 0;
		};
		6783C86D1FB941EE0040C02B /* Sources */ = {
			isa = PBXSourcesBuildPhase;
			buildActionMask = 2147483647;
			files = (
				6783C8761FB941EE0040C02B /* WDEMOUITests.m in Sources */,
			);
			runOnlyForDeploymentPostprocessing = 0;
		};
/* End PBXSourcesBuildPhase section */

/* Begin PBXTargetDependency section */
		673AE9541FC810560002D304 /* PBXTargetDependency */ = {
			isa = PBXTargetDependency;
			target = 673AE9481FC810560002D304 /* Widget */;
			targetProxy = 673AE9531FC810560002D304 /* PBXContainerItemProxy */;
		};
		6783C8681FB941EE0040C02B /* PBXTargetDependency */ = {
			isa = PBXTargetDependency;
			target = 6783C84D1FB941EE0040C02B /* WDEMO */;
			targetProxy = 6783C8671FB941EE0040C02B /* PBXContainerItemProxy */;
		};
		6783C8731FB941EE0040C02B /* PBXTargetDependency */ = {
			isa = PBXTargetDependency;
			target = 6783C84D1FB941EE0040C02B /* WDEMO */;
			targetProxy = 6783C8721FB941EE0040C02B /* PBXContainerItemProxy */;
		};
/* End PBXTargetDependency section */

/* Begin PBXVariantGroup section */
		673AE94F1FC810560002D304 /* MainInterface.storyboard */ = {
			isa = PBXVariantGroup;
			children = (
				673AE9501FC810560002D304 /* Base */,
			);
			name = MainInterface.storyboard;
			sourceTree = "<group>";
		};
		6783C8571FB941EE0040C02B /* Main.storyboard */ = {
			isa = PBXVariantGroup;
			children = (
				6783C8581FB941EE0040C02B /* Base */,
			);
			name = Main.storyboard;
			sourceTree = "<group>";
		};
		6783C85C1FB941EE0040C02B /* LaunchScreen.storyboard */ = {
			isa = PBXVariantGroup;
			children = (
				6783C85D1FB941EE0040C02B /* Base */,
			);
			name = LaunchScreen.storyboard;
			sourceTree = "<group>";
		};
/* End PBXVariantGroup section */

/* Begin XCBuildConfiguration section */
		673AE9571FC810560002D304 /* Debug */ = {
			isa = XCBuildConfiguration;
			buildSettings = {
				CODE_SIGN_STYLE = Automatic;
				DEVELOPMENT_TEAM = FTKLY6XUHH;
				INFOPLIST_FILE = Widget/Info.plist;
				IPHONEOS_DEPLOYMENT_TARGET = 10.0;
				LD_RUNPATH_SEARCH_PATHS = "$(inherited) @executable_path/Frameworks @executable_path/../../Frameworks";
				PRODUCT_BUNDLE_IDENTIFIER = wwc.WDEMO.Widget;
				PRODUCT_NAME = "$(TARGET_NAME)";
				SKIP_INSTALL = YES;
				TARGETED_DEVICE_FAMILY = "1,2";
			};
			name = Debug;
		};
		673AE9581FC810560002D304 /* Release */ = {
			isa = XCBuildConfiguration;
			buildSettings = {
				CODE_SIGN_STYLE = Automatic;
				DEVELOPMENT_TEAM = FTKLY6XUHH;
				INFOPLIST_FILE = Widget/Info.plist;
				IPHONEOS_DEPLOYMENT_TARGET = 10.0;
				LD_RUNPATH_SEARCH_PATHS = "$(inherited) @executable_path/Frameworks @executable_path/../../Frameworks";
				PRODUCT_BUNDLE_IDENTIFIER = wwc.WDEMO.Widget;
				PRODUCT_NAME = "$(TARGET_NAME)";
				SKIP_INSTALL = YES;
				TARGETED_DEVICE_FAMILY = "1,2";
			};
			name = Release;
		};
		6783C8781FB941EE0040C02B /* Debug */ = {
			isa = XCBuildConfiguration;
			buildSettings = {
				ALWAYS_SEARCH_USER_PATHS = NO;
				CLANG_ANALYZER_NONNULL = YES;
				CLANG_ANALYZER_NUMBER_OBJECT_CONVERSION = YES_AGGRESSIVE;
				CLANG_CXX_LANGUAGE_STANDARD = "gnu++14";
				CLANG_CXX_LIBRARY = "libc++";
				CLANG_ENABLE_MODULES = YES;
				CLANG_ENABLE_OBJC_ARC = YES;
				CLANG_WARN_BLOCK_CAPTURE_AUTORELEASING = YES;
				CLANG_WARN_BOOL_CONVERSION = YES;
				CLANG_WARN_COMMA = YES;
				CLANG_WARN_CONSTANT_CONVERSION = YES;
				CLANG_WARN_DIRECT_OBJC_ISA_USAGE = YES_ERROR;
				CLANG_WARN_DOCUMENTATION_COMMENTS = YES;
				CLANG_WARN_EMPTY_BODY = YES;
				CLANG_WARN_ENUM_CONVERSION = YES;
				CLANG_WARN_INFINITE_RECURSION = YES;
				CLANG_WARN_INT_CONVERSION = YES;
				CLANG_WARN_NON_LITERAL_NULL_CONVERSION = YES;
				CLANG_WARN_OBJC_LITERAL_CONVERSION = YES;
				CLANG_WARN_OBJC_ROOT_CLASS = YES_ERROR;
				CLANG_WARN_RANGE_LOOP_ANALYSIS = YES;
				CLANG_WARN_STRICT_PROTOTYPES = YES;
				CLANG_WARN_SUSPICIOUS_MOVE = YES;
				CLANG_WARN_UNGUARDED_AVAILABILITY = YES_AGGRESSIVE;
				CLANG_WARN_UNREACHABLE_CODE = YES;
				CLANG_WARN__DUPLICATE_METHOD_MATCH = YES;
				CODE_SIGN_IDENTITY = "iPhone Developer";
				COPY_PHASE_STRIP = NO;
				DEBUG_INFORMATION_FORMAT = dwarf;
				ENABLE_STRICT_OBJC_MSGSEND = YES;
				ENABLE_TESTABILITY = YES;
				GCC_C_LANGUAGE_STANDARD = gnu11;
				GCC_DYNAMIC_NO_PIC = NO;
				GCC_NO_COMMON_BLOCKS = YES;
				GCC_OPTIMIZATION_LEVEL = 0;
				GCC_PREPROCESSOR_DEFINITIONS = (
					"DEBUG=1",
					"$(inherited)",
				);
				GCC_WARN_64_TO_32_BIT_CONVERSION = YES;
				GCC_WARN_ABOUT_RETURN_TYPE = YES_ERROR;
				GCC_WARN_UNDECLARED_SELECTOR = YES;
				GCC_WARN_UNINITIALIZED_AUTOS = YES_AGGRESSIVE;
				GCC_WARN_UNUSED_FUNCTION = YES;
				GCC_WARN_UNUSED_VARIABLE = YES;
				IPHONEOS_DEPLOYMENT_TARGET = 11.0;
				MTL_ENABLE_DEBUG_INFO = YES;
				ONLY_ACTIVE_ARCH = YES;
				SDKROOT = iphoneos;
			};
			name = Debug;
		};
		6783C8791FB941EE0040C02B /* Release */ = {
			isa = XCBuildConfiguration;
			buildSettings = {
				ALWAYS_SEARCH_USER_PATHS = NO;
				CLANG_ANALYZER_NONNULL = YES;
				CLANG_ANALYZER_NUMBER_OBJECT_CONVERSION = YES_AGGRESSIVE;
				CLANG_CXX_LANGUAGE_STANDARD = "gnu++14";
				CLANG_CXX_LIBRARY = "libc++";
				CLANG_ENABLE_MODULES = YES;
				CLANG_ENABLE_OBJC_ARC = YES;
				CLANG_WARN_BLOCK_CAPTURE_AUTORELEASING = YES;
				CLANG_WARN_BOOL_CONVERSION = YES;
				CLANG_WARN_COMMA = YES;
				CLANG_WARN_CONSTANT_CONVERSION = YES;
				CLANG_WARN_DIRECT_OBJC_ISA_USAGE = YES_ERROR;
				CLANG_WARN_DOCUMENTATION_COMMENTS = YES;
				CLANG_WARN_EMPTY_BODY = YES;
				CLANG_WARN_ENUM_CONVERSION = YES;
				CLANG_WARN_INFINITE_RECURSION = YES;
				CLANG_WARN_INT_CONVERSION = YES;
				CLANG_WARN_NON_LITERAL_NULL_CONVERSION = YES;
				CLANG_WARN_OBJC_LITERAL_CONVERSION = YES;
				CLANG_WARN_OBJC_ROOT_CLASS = YES_ERROR;
				CLANG_WARN_RANGE_LOOP_ANALYSIS = YES;
				CLANG_WARN_STRICT_PROTOTYPES = YES;
				CLANG_WARN_SUSPICIOUS_MOVE = YES;
				CLANG_WARN_UNGUARDED_AVAILABILITY = YES_AGGRESSIVE;
				CLANG_WARN_UNREACHABLE_CODE = YES;
				CLANG_WARN__DUPLICATE_METHOD_MATCH = YES;
				CODE_SIGN_IDENTITY = "iPhone Developer";
				COPY_PHASE_STRIP = NO;
				DEBUG_INFORMATION_FORMAT = "dwarf-with-dsym";
				ENABLE_NS_ASSERTIONS = NO;
				ENABLE_STRICT_OBJC_MSGSEND = YES;
				GCC_C_LANGUAGE_STANDARD = gnu11;
				GCC_NO_COMMON_BLOCKS = YES;
				GCC_WARN_64_TO_32_BIT_CONVERSION = YES;
				GCC_WARN_ABOUT_RETURN_TYPE = YES_ERROR;
				GCC_WARN_UNDECLARED_SELECTOR = YES;
				GCC_WARN_UNINITIALIZED_AUTOS = YES_AGGRESSIVE;
				GCC_WARN_UNUSED_FUNCTION = YES;
				GCC_WARN_UNUSED_VARIABLE = YES;
				IPHONEOS_DEPLOYMENT_TARGET = 11.0;
				MTL_ENABLE_DEBUG_INFO = NO;
				SDKROOT = iphoneos;
				VALIDATE_PRODUCT = YES;
			};
			name = Release;
		};
		6783C87B1FB941EE0040C02B /* Debug */ = {
			isa = XCBuildConfiguration;
			buildSettings = {
				ASSETCATALOG_COMPILER_APPICON_NAME = AppIcon;
				CODE_SIGN_STYLE = Automatic;
				DEVELOPMENT_TEAM = FTKLY6XUHH;
				INFOPLIST_FILE = WDEMO/Info.plist;
				IPHONEOS_DEPLOYMENT_TARGET = 10.0;
				LD_RUNPATH_SEARCH_PATHS = "$(inherited) @executable_path/Frameworks";
				PRODUCT_BUNDLE_IDENTIFIER = wwc.WDEMO;
				PRODUCT_NAME = "$(TARGET_NAME)";
				TARGETED_DEVICE_FAMILY = "1,2";
			};
			name = Debug;
		};
		6783C87C1FB941EE0040C02B /* Release */ = {
			isa = XCBuildConfiguration;
			buildSettings = {
				ASSETCATALOG_COMPILER_APPICON_NAME = AppIcon;
				CODE_SIGN_STYLE = Automatic;
				DEVELOPMENT_TEAM = FTKLY6XUHH;
				INFOPLIST_FILE = WDEMO/Info.plist;
				IPHONEOS_DEPLOYMENT_TARGET = 10.0;
				LD_RUNPATH_SEARCH_PATHS = "$(inherited) @executable_path/Frameworks";
				PRODUCT_BUNDLE_IDENTIFIER = wwc.WDEMO;
				PRODUCT_NAME = "$(TARGET_NAME)";
				TARGETED_DEVICE_FAMILY = "1,2";
			};
			name = Release;
		};
		6783C87E1FB941EE0040C02B /* Debug */ = {
			isa = XCBuildConfiguration;
			buildSettings = {
				BUNDLE_LOADER = "$(TEST_HOST)";
				CODE_SIGN_STYLE = Automatic;
				INFOPLIST_FILE = WDEMOTests/Info.plist;
				LD_RUNPATH_SEARCH_PATHS = "$(inherited) @executable_path/Frameworks @loader_path/Frameworks";
				PRODUCT_BUNDLE_IDENTIFIER = wwc.WDEMOTests;
				PRODUCT_NAME = "$(TARGET_NAME)";
				TARGETED_DEVICE_FAMILY = "1,2";
				TEST_HOST = "$(BUILT_PRODUCTS_DIR)/WDEMO.app/WDEMO";
			};
			name = Debug;
		};
		6783C87F1FB941EE0040C02B /* Release */ = {
			isa = XCBuildConfiguration;
			buildSettings = {
				BUNDLE_LOADER = "$(TEST_HOST)";
				CODE_SIGN_STYLE = Automatic;
				INFOPLIST_FILE = WDEMOTests/Info.plist;
				LD_RUNPATH_SEARCH_PATHS = "$(inherited) @executable_path/Frameworks @loader_path/Frameworks";
				PRODUCT_BUNDLE_IDENTIFIER = wwc.WDEMOTests;
				PRODUCT_NAME = "$(TARGET_NAME)";
				TARGETED_DEVICE_FAMILY = "1,2";
				TEST_HOST = "$(BUILT_PRODUCTS_DIR)/WDEMO.app/WDEMO";
			};
			name = Release;
		};
		6783C8811FB941EE0040C02B /* Debug */ = {
			isa = XCBuildConfiguration;
			buildSettings = {
				CODE_SIGN_STYLE = Automatic;
				INFOPLIST_FILE = WDEMOUITests/Info.plist;
				LD_RUNPATH_SEARCH_PATHS = "$(inherited) @executable_path/Frameworks @loader_path/Frameworks";
				PRODUCT_BUNDLE_IDENTIFIER = wwc.WDEMOUITests;
				PRODUCT_NAME = "$(TARGET_NAME)";
				TARGETED_DEVICE_FAMILY = "1,2";
				TEST_TARGET_NAME = WDEMO;
			};
			name = Debug;
		};
		6783C8821FB941EE0040C02B /* Release */ = {
			isa = XCBuildConfiguration;
			buildSettings = {
				CODE_SIGN_STYLE = Automatic;
				INFOPLIST_FILE = WDEMOUITests/Info.plist;
				LD_RUNPATH_SEARCH_PATHS = "$(inherited) @executable_path/Frameworks @loader_path/Frameworks";
				PRODUCT_BUNDLE_IDENTIFIER = wwc.WDEMOUITests;
				PRODUCT_NAME = "$(TARGET_NAME)";
				TARGETED_DEVICE_FAMILY = "1,2";
				TEST_TARGET_NAME = WDEMO;
			};
			name = Release;
		};
/* End XCBuildConfiguration section */

/* Begin XCConfigurationList section */
		673AE9561FC810560002D304 /* Build configuration list for PBXNativeTarget "Widget" */ = {
			isa = XCConfigurationList;
			buildConfigurations = (
				673AE9571FC810560002D304 /* Debug */,
				673AE9581FC810560002D304 /* Release */,
			);
			defaultConfigurationIsVisible = 0;
			defaultConfigurationName = Release;
		};
		6783C8491FB941EE0040C02B /* Build configuration list for PBXProject "WDEMO" */ = {
			isa = XCConfigurationList;
			buildConfigurations = (
				6783C8781FB941EE0040C02B /* Debug */,
				6783C8791FB941EE0040C02B /* Release */,
			);
			defaultConfigurationIsVisible = 0;
			defaultConfigurationName = Release;
		};
		6783C87A1FB941EE0040C02B /* Build configuration list for PBXNativeTarget "WDEMO" */ = {
			isa = XCConfigurationList;
			buildConfigurations = (
				6783C87B1FB941EE0040C02B /* Debug */,
				6783C87C1FB941EE0040C02B /* Release */,
			);
			defaultConfigurationIsVisible = 0;
			defaultConfigurationName = Release;
		};
		6783C87D1FB941EE0040C02B /* Build configuration list for PBXNativeTarget "WDEMOTests" */ = {
			isa = XCConfigurationList;
			buildConfigurations = (
				6783C87E1FB941EE0040C02B /* Debug */,
				6783C87F1FB941EE0040C02B /* Release */,
			);
			defaultConfigurationIsVisible = 0;
			defaultConfigurationName = Release;
		};
		6783C8801FB941EE0040C02B /* Build configuration list for PBXNativeTarget "WDEMOUITests" */ = {
			isa = XCConfigurationList;
			buildConfigurations = (
				6783C8811FB941EE0040C02B /* Debug */,
				6783C8821FB941EE0040C02B /* Release */,
			);
			defaultConfigurationIsVisible = 0;
			defaultConfigurationName = Release;
		};
/* End XCConfigurationList section */
	};
	rootObject = 6783C8461FB941EE0040C02B /* Project object */;
}
